
Microsoft Visual Studio Solution File, Format Version 12.00
# Visual Studio 14
VisualStudioVersion = 14.0.25420.1
MinimumVisualStudioVersion = 10.0.40219.1
Project("{FAE04EC0-301F-11D3-BF4B-00C04F79EFBC}") = "STKService", "STKService\STKService.csproj", "{78F9CEBD-C5FE-4A93-93F5-FDF9423E0634}"
	ProjectSection(ProjectDependencies) = postProject
		{EA163B07-EF46-418C-97EA-70DB84C263A3} = {EA163B07-EF46-418C-97EA-70DB84C263A3}
		{C815653B-CE5F-4A86-AC55-123AE1FC0B81} = {C815653B-CE5F-4A86-AC55-123AE1FC0B81}
		{AB4D2C53-EE8B-4CAF-98EE-7D671854B281} = {AB4D2C53-EE8B-4CAF-98EE-7D671854B281}
		{381F0054-57F8-4709-80F4-E98E3232ADE4} = {381F0054-57F8-4709-80F4-E98E3232ADE4}
		{4DB1C271-F23F-409A-B1F7-CC29331708AC} = {4DB1C271-F23F-409A-B1F7-CC29331708AC}
		{06291B86-FBC9-417B-8EAE-357777BBBFA3} = {06291B86-FBC9-417B-8EAE-357777BBBFA3}
		{0C7D9D95-1165-4C46-8346-748E4D276CFD} = {0C7D9D95-1165-4C46-8346-748E4D276CFD}
		{314AE99B-0044-4C10-AD42-4A0F9006D63B} = {314AE99B-0044-4C10-AD42-4A0F9006D63B}
		{0CA60AB7-4F6F-43D3-B9F4-C39E7DEF79E9} = {0CA60AB7-4F6F-43D3-B9F4-C39E7DEF79E9}
		{299245D2-5F4B-4E7A-A08D-05930B831287} = {299245D2-5F4B-4E7A-A08D-05930B831287}
	EndProjectSection
EndProject
Project("{F184B08F-C81C-45F6-A57F-5ABD9991F28F}") = "Drv942", "Drv942\Drv942.vbproj", "{314AE99B-0044-4C10-AD42-4A0F9006D63B}"
EndProject
Project("{F184B08F-C81C-45F6-A57F-5ABD9991F28F}") = "Drv943", "Drv943\Drv943.vbproj", "{C815653B-CE5F-4A86-AC55-123AE1FC0B81}"
EndProject
Project("{F184B08F-C81C-45F6-A57F-5ABD9991F28F}") = "STKTVMain", "STKTVMain\STKTVMain.vbproj", "{0C7D9D95-1165-4C46-8346-748E4D276CFD}"
EndProject
Project("{FAE04EC0-301F-11D3-BF4B-00C04F79EFBC}") = "DeviceThread", "DeviceThread\DeviceThread.csproj", "{06291B86-FBC9-417B-8EAE-357777BBBFA3}"
	ProjectSection(ProjectDependencies) = postProject
		{EA163B07-EF46-418C-97EA-70DB84C263A3} = {EA163B07-EF46-418C-97EA-70DB84C263A3}
		{4DB1C271-F23F-409A-B1F7-CC29331708AC} = {4DB1C271-F23F-409A-B1F7-CC29331708AC}
		{0CA60AB7-4F6F-43D3-B9F4-C39E7DEF79E9} = {0CA60AB7-4F6F-43D3-B9F4-C39E7DEF79E9}
		{299245D2-5F4B-4E7A-A08D-05930B831287} = {299245D2-5F4B-4E7A-A08D-05930B831287}
	EndProjectSection
EndProject
Project("{FAE04EC0-301F-11D3-BF4B-00C04F79EFBC}") = "DebugSTKService", "DebugSTKService\DebugSTKService.csproj", "{31F1FC49-6DD4-41D9-9975-366FF8FFCA9C}"
	ProjectSection(ProjectDependencies) = postProject
		{EA163B07-EF46-418C-97EA-70DB84C263A3} = {EA163B07-EF46-418C-97EA-70DB84C263A3}
		{4DB1C271-F23F-409A-B1F7-CC29331708AC} = {4DB1C271-F23F-409A-B1F7-CC29331708AC}
		{0CA60AB7-4F6F-43D3-B9F4-C39E7DEF79E9} = {0CA60AB7-4F6F-43D3-B9F4-C39E7DEF79E9}
		{299245D2-5F4B-4E7A-A08D-05930B831287} = {299245D2-5F4B-4E7A-A08D-05930B831287}
	EndProjectSection
EndProject
Project("{F184B08F-C81C-45F6-A57F-5ABD9991F28F}") = "STKDispatcher", "Dispatcher\STKDispatcher.vbproj", "{D8762113-9310-48BF-BDB8-A76F04BB546D}"
	ProjectSection(ProjectDependencies) = postProject
		{EA163B07-EF46-418C-97EA-70DB84C263A3} = {EA163B07-EF46-418C-97EA-70DB84C263A3}
		{31F1FC49-6DD4-41D9-9975-366FF8FFCA9C} = {31F1FC49-6DD4-41D9-9975-366FF8FFCA9C}
		{AB4D2C53-EE8B-4CAF-98EE-7D671854B281} = {AB4D2C53-EE8B-4CAF-98EE-7D671854B281}
		{381F0054-57F8-4709-80F4-E98E3232ADE4} = {381F0054-57F8-4709-80F4-E98E3232ADE4}
		{81162C83-DBC1-452C-A36E-221A1897E6E9} = {81162C83-DBC1-452C-A36E-221A1897E6E9}
		{06291B86-FBC9-417B-8EAE-357777BBBFA3} = {06291B86-FBC9-417B-8EAE-357777BBBFA3}
		{4A5936C2-19B3-488C-8AA2-D0283A88F703} = {4A5936C2-19B3-488C-8AA2-D0283A88F703}
		{C83777FC-AABB-47D9-911F-D76255D4D541} = {C83777FC-AABB-47D9-911F-D76255D4D541}
	EndProjectSection
EndProject
Project("{F184B08F-C81C-45F6-A57F-5ABD9991F28F}") = "NCAnalizer", "NCAnalizer\NCAnalizer.vbproj", "{381F0054-57F8-4709-80F4-E98E3232ADE4}"
EndProject
Project("{F184B08F-C81C-45F6-A57F-5ABD9991F28F}") = "TGKSender", "TGKSender2\TGKSender.vbproj", "{AB4D2C53-EE8B-4CAF-98EE-7D671854B281}"
EndProject
Project("{F184B08F-C81C-45F6-A57F-5ABD9991F28F}") = "DrvMT", "DrvMT\DrvMT.vbproj", "{715A122F-4389-4F4C-8FFB-8347F5637FC7}"
EndProject
Project("{F184B08F-C81C-45F6-A57F-5ABD9991F28F}") = "DrvVKT7", "DrvVKT7\DrvVKT7.vbproj", "{4DB1C271-F23F-409A-B1F7-CC29331708AC}"
EndProject
Project("{F184B08F-C81C-45F6-A57F-5ABD9991F28F}") = "DrvTEM104", "DrvTEM104\DrvTEM104.vbproj", "{0CA60AB7-4F6F-43D3-B9F4-C39E7DEF79E9}"
EndProject
Project("{F184B08F-C81C-45F6-A57F-5ABD9991F28F}") = "DrvTSRV", "DrvTSRV\DrvTSRV.vbproj", "{299245D2-5F4B-4E7A-A08D-05930B831287}"
EndProject
Project("{F184B08F-C81C-45F6-A57F-5ABD9991F28F}") = "Drv941", "Drv941\Drv941.vbproj", "{EA163B07-EF46-418C-97EA-70DB84C263A3}"
EndProject
Project("{F184B08F-C81C-45F6-A57F-5ABD9991F28F}") = "LogMonitor", "LogMonitor\LogMonitor.vbproj", "{C2569B7B-8862-4331-9560-102AEE4FFC1E}"
EndProject
Project("{FAE04EC0-301F-11D3-BF4B-00C04F79EFBC}") = "OsmExplorer", "GlobalMonitor\OsmExplorer\OsmExplorer.csproj", "{4A5936C2-19B3-488C-8AA2-D0283A88F703}"
EndProject
Project("{FAE04EC0-301F-11D3-BF4B-00C04F79EFBC}") = "SharpMap.VS2010", "GlobalMonitor\SharpMap\SharpMap.VS2010.csproj", "{C83777FC-AABB-47D9-911F-D76255D4D541}"
EndProject
Project("{F184B08F-C81C-45F6-A57F-5ABD9991F28F}") = "GlobalMonitorVB", "GlobalMonitorVB\GlobalMonitorVB.vbproj", "{194718A3-9BCB-4958-990C-819891269465}"
EndProject
Project("{F184B08F-C81C-45F6-A57F-5ABD9991F28F}") = "VIPAdmin", "VIPAdmin\VIPAdmin.vbproj", "{F48074EC-C988-450D-9095-0FC02E37ED03}"
EndProject
Project("{F184B08F-C81C-45F6-A57F-5ABD9991F28F}") = "NodeEditor", "NodeEditor\NodeEditor.vbproj", "{1FE064C5-075E-4987-AA41-067A20D52B70}"
EndProject
Project("{FAE04EC0-301F-11D3-BF4B-00C04F79EFBC}") = "NetronLight", "NetronLight\NetronLight.csproj", "{6E58DFD7-5154-4AA3-96DF-E562DE00393B}"
EndProject
Project("{F184B08F-C81C-45F6-A57F-5ABD9991F28F}") = "VIPAnalizer", "VIPAnalizer\VIPAnalizer.vbproj", "{C4BB7840-95AC-4FAC-91BA-0E58E0EA9EAB}"
EndProject
Project("{F184B08F-C81C-45F6-A57F-5ABD9991F28F}") = "DrvVKT4", "DrvVKT4\DrvVKT4.vbproj", "{4F74DC3D-F0A9-45C8-9B71-7376EB72E3F5}"
EndProject
Project("{F184B08F-C81C-45F6-A57F-5ABD9991F28F}") = "RTI", "ROSTELECOMINTEGRATION\RTI.vbproj", "{0EC85366-E560-4E98-A082-0DC596C48CC7}"
EndProject
Project("{F184B08F-C81C-45F6-A57F-5ABD9991F28F}") = "Danfoss310Client", "Danfoss310Client\Danfoss310Client\Danfoss310Client.vbproj", "{C8EA85D6-F54F-44F5-A7A6-05DFE3AC8B23}"
EndProject
Project("{F184B08F-C81C-45F6-A57F-5ABD9991F28F}") = "DrvMAGIKA", "DrvMagika\DrvMAGIKA.vbproj", "{99770D1D-27A8-4606-ACC2-CD3E83B4BDEE}"
EndProject
Project("{F184B08F-C81C-45F6-A57F-5ABD9991F28F}") = "GPIOClient", "GPIOClient\GPIOClient.vbproj", "{343E857F-77FC-4051-AE5B-82861744CC25}"
EndProject
Project("{F184B08F-C81C-45F6-A57F-5ABD9991F28F}") = "GPIOClientTest", "GPIOClientTest\GPIOClientTest.vbproj", "{3347179D-A18F-4474-86CB-C82469768D09}"
EndProject
Project("{F184B08F-C81C-45F6-A57F-5ABD9991F28F}") = "DrvTSRV02", "DrvTSRV02\DrvTSRV02.vbproj", "{21DFA229-5ABC-4931-BD83-4B3108446765}"
EndProject
Project("{F184B08F-C81C-45F6-A57F-5ABD9991F28F}") = "ReportXL", "ReportXLGen\ReportXL.vbproj", "{F6F3448E-9985-4397-914F-28BAFC993A25}"
EndProject
Project("{F184B08F-C81C-45F6-A57F-5ABD9991F28F}") = "Report2", "Report2\Report2.vbproj", "{BCEFC4BE-38D2-436B-B5DA-BBFBA3D3A08F}"
EndProject
Project("{F184B08F-C81C-45F6-A57F-5ABD9991F28F}") = "DrvDAN300", "DrvDAN300\DrvDAN300.vbproj", "{6E1E0E80-2D2F-4FFD-9701-A02ECA496B55}"
EndProject
Project("{F184B08F-C81C-45F6-A57F-5ABD9991F28F}") = "DrvMC601", "DrvMC601\DrvMC601.vbproj", "{E3F69481-2D81-4B0F-AAE3-E36955C78E79}"
EndProject
Project("{F184B08F-C81C-45F6-A57F-5ABD9991F28F}") = "DrvVKT5", "DrvVKT5\DrvVKT5.vbproj", "{8BE1A73B-7B87-4A21-9980-E179560DF3A1}"
EndProject
Project("{F184B08F-C81C-45F6-A57F-5ABD9991F28F}") = "ASSVCallBack", "ASSVCallBack\ASSVCallBack.vbproj", "{E7EBFC24-D5B5-4775-8422-FCCBA03E16F9}"
EndProject
Project("{FAE04EC0-301F-11D3-BF4B-00C04F79EFBC}") = "ASSVDebugService", "ASSVDebugService\ASSVDebugService.csproj", "{9794D511-45C9-4254-BC36-FA456CE60E71}"
EndProject
Project("{FAE04EC0-301F-11D3-BF4B-00C04F79EFBC}") = "ASSVServerLib", "ASSVServer\ASSVServerLib.csproj", "{75C36BC9-DE34-4D10-9940-1D006AC502F7}"
EndProject
Project("{FAE04EC0-301F-11D3-BF4B-00C04F79EFBC}") = "ASSVService", "ASSVService\ASSVService.csproj", "{A2F35277-80B7-4BB6-840F-F082DA5CE0B7}"
EndProject
Project("{FAE04EC0-301F-11D3-BF4B-00C04F79EFBC}") = "DebugSTKServiceModem", "DebugSTKServiceModem\DebugSTKServiceModem.csproj", "{D211F14A-2491-47B6-AAEA-EC991B67C1EC}"
EndProject
Project("{FAE04EC0-301F-11D3-BF4B-00C04F79EFBC}") = "ROBUSTELServer", "ROBUSTELServerLib\ROBUSTELServer.csproj", "{19D7AC2E-7984-4962-ACFB-A8D373559907}"
EndProject
Project("{FAE04EC0-301F-11D3-BF4B-00C04F79EFBC}") = "ROBUSTELDebugService", "ROBUSTELDebugService\ROBUSTELDebugService.csproj", "{D4DFBBFC-21B7-4249-9286-8B7420109E50}"
EndProject
Project("{FAE04EC0-301F-11D3-BF4B-00C04F79EFBC}") = "STKServiceModem", "STKServiceModem\STKServiceModem.csproj", "{6132BDC5-102C-43E1-8960-64DBD4B3657A}"
EndProject
Project("{FAE04EC0-301F-11D3-BF4B-00C04F79EFBC}") = "ROBUSTELService", "ROBUSTELService\ROBUSTELService.csproj", "{3FFCF0B9-F271-48FA-AE0C-94D226570FD4}"
EndProject
Project("{F184B08F-C81C-45F6-A57F-5ABD9991F28F}") = "Drv943_1", "Drv943.1\Drv943_1.vbproj", "{CF6C50C4-E95D-4537-A6C4-C8431D07D2C7}"
EndProject
Project("{F184B08F-C81C-45F6-A57F-5ABD9991F28F}") = "PropertyGridEx_Net4", "..\PropertyGridEx_Net4\PropertyGridEx_Net4.vbproj", "{81162C83-DBC1-452C-A36E-221A1897E6E9}"
EndProject
Project("{F184B08F-C81C-45F6-A57F-5ABD9991F28F}") = "Drv941_20", "Drv941.20\Drv941_20.vbproj", "{62C5F8A1-8BDA-4145-B25F-9FB0C0D4D592}"
EndProject
Global
	GlobalSection(SolutionConfigurationPlatforms) = preSolution
		Debug|Any CPU = Debug|Any CPU
		Debug|Mixed Platforms = Debug|Mixed Platforms
		Debug|x86 = Debug|x86
		DebugDSProjection|Any CPU = DebugDSProjection|Any CPU
		DebugDSProjection|Mixed Platforms = DebugDSProjection|Mixed Platforms
		DebugDSProjection|x86 = DebugDSProjection|x86
		Release|Any CPU = Release|Any CPU
		Release|Mixed Platforms = Release|Mixed Platforms
		Release|x86 = Release|x86
		ReleaseDSProjection|Any CPU = ReleaseDSProjection|Any CPU
		ReleaseDSProjection|Mixed Platforms = ReleaseDSProjection|Mixed Platforms
		ReleaseDSProjection|x86 = ReleaseDSProjection|x86
	EndGlobalSection
	GlobalSection(ProjectConfigurationPlatforms) = postSolution
		{78F9CEBD-C5FE-4A93-93F5-FDF9423E0634}.Debug|Any CPU.ActiveCfg = Debug|Any CPU
		{78F9CEBD-C5FE-4A93-93F5-FDF9423E0634}.Debug|Any CPU.Build.0 = Debug|Any CPU
		{78F9CEBD-C5FE-4A93-93F5-FDF9423E0634}.Debug|Mixed Platforms.ActiveCfg = Debug|Any CPU
		{78F9CEBD-C5FE-4A93-93F5-FDF9423E0634}.Debug|Mixed Platforms.Build.0 = Debug|Any CPU
		{78F9CEBD-C5FE-4A93-93F5-FDF9423E0634}.Debug|x86.ActiveCfg = Debug|Any CPU
		{78F9CEBD-C5FE-4A93-93F5-FDF9423E0634}.DebugDSProjection|Any CPU.ActiveCfg = Debug|Any CPU
		{78F9CEBD-C5FE-4A93-93F5-FDF9423E0634}.DebugDSProjection|Any CPU.Build.0 = Debug|Any CPU
		{78F9CEBD-C5FE-4A93-93F5-FDF9423E0634}.DebugDSProjection|Mixed Platforms.ActiveCfg = Debug|Any CPU
		{78F9CEBD-C5FE-4A93-93F5-FDF9423E0634}.DebugDSProjection|Mixed Platforms.Build.0 = Debug|Any CPU
		{78F9CEBD-C5FE-4A93-93F5-FDF9423E0634}.DebugDSProjection|x86.ActiveCfg = Debug|Any CPU
		{78F9CEBD-C5FE-4A93-93F5-FDF9423E0634}.Release|Any CPU.ActiveCfg = Release|Any CPU
		{78F9CEBD-C5FE-4A93-93F5-FDF9423E0634}.Release|Any CPU.Build.0 = Release|Any CPU
		{78F9CEBD-C5FE-4A93-93F5-FDF9423E0634}.Release|Mixed Platforms.ActiveCfg = Release|Any CPU
		{78F9CEBD-C5FE-4A93-93F5-FDF9423E0634}.Release|Mixed Platforms.Build.0 = Release|Any CPU
		{78F9CEBD-C5FE-4A93-93F5-FDF9423E0634}.Release|x86.ActiveCfg = Release|Any CPU
		{78F9CEBD-C5FE-4A93-93F5-FDF9423E0634}.ReleaseDSProjection|Any CPU.ActiveCfg = Release|Any CPU
		{78F9CEBD-C5FE-4A93-93F5-FDF9423E0634}.ReleaseDSProjection|Any CPU.Build.0 = Release|Any CPU
		{78F9CEBD-C5FE-4A93-93F5-FDF9423E0634}.ReleaseDSProjection|Mixed Platforms.ActiveCfg = Release|Any CPU
		{78F9CEBD-C5FE-4A93-93F5-FDF9423E0634}.ReleaseDSProjection|Mixed Platforms.Build.0 = Release|Any CPU
		{78F9CEBD-C5FE-4A93-93F5-FDF9423E0634}.ReleaseDSProjection|x86.ActiveCfg = Release|Any CPU
		{314AE99B-0044-4C10-AD42-4A0F9006D63B}.Debug|Any CPU.ActiveCfg = Debug|Any CPU
		{314AE99B-0044-4C10-AD42-4A0F9006D63B}.Debug|Any CPU.Build.0 = Debug|Any CPU
		{314AE99B-0044-4C10-AD42-4A0F9006D63B}.Debug|Mixed Platforms.ActiveCfg = Debug|Any CPU
		{314AE99B-0044-4C10-AD42-4A0F9006D63B}.Debug|Mixed Platforms.Build.0 = Debug|Any CPU
		{314AE99B-0044-4C10-AD42-4A0F9006D63B}.Debug|x86.ActiveCfg = Debug|Any CPU
		{314AE99B-0044-4C10-AD42-4A0F9006D63B}.DebugDSProjection|Any CPU.ActiveCfg = Debug|Any CPU
		{314AE99B-0044-4C10-AD42-4A0F9006D63B}.DebugDSProjection|Any CPU.Build.0 = Debug|Any CPU
		{314AE99B-0044-4C10-AD42-4A0F9006D63B}.DebugDSProjection|Mixed Platforms.ActiveCfg = Debug|Any CPU
		{314AE99B-0044-4C10-AD42-4A0F9006D63B}.DebugDSProjection|Mixed Platforms.Build.0 = Debug|Any CPU
		{314AE99B-0044-4C10-AD42-4A0F9006D63B}.DebugDSProjection|x86.ActiveCfg = Debug|Any CPU
		{314AE99B-0044-4C10-AD42-4A0F9006D63B}.Release|Any CPU.ActiveCfg = Release|Any CPU
		{314AE99B-0044-4C10-AD42-4A0F9006D63B}.Release|Any CPU.Build.0 = Release|Any CPU
		{314AE99B-0044-4C10-AD42-4A0F9006D63B}.Release|Mixed Platforms.ActiveCfg = Release|Any CPU
		{314AE99B-0044-4C10-AD42-4A0F9006D63B}.Release|Mixed Platforms.Build.0 = Release|Any CPU
		{314AE99B-0044-4C10-AD42-4A0F9006D63B}.Release|x86.ActiveCfg = Release|Any CPU
		{314AE99B-0044-4C10-AD42-4A0F9006D63B}.ReleaseDSProjection|Any CPU.ActiveCfg = Release|Any CPU
		{314AE99B-0044-4C10-AD42-4A0F9006D63B}.ReleaseDSProjection|Any CPU.Build.0 = Release|Any CPU
		{314AE99B-0044-4C10-AD42-4A0F9006D63B}.ReleaseDSProjection|Mixed Platforms.ActiveCfg = Release|Any CPU
		{314AE99B-0044-4C10-AD42-4A0F9006D63B}.ReleaseDSProjection|Mixed Platforms.Build.0 = Release|Any CPU
		{314AE99B-0044-4C10-AD42-4A0F9006D63B}.ReleaseDSProjection|x86.ActiveCfg = Release|Any CPU
		{C815653B-CE5F-4A86-AC55-123AE1FC0B81}.Debug|Any CPU.ActiveCfg = Debug|Any CPU
		{C815653B-CE5F-4A86-AC55-123AE1FC0B81}.Debug|Any CPU.Build.0 = Debug|Any CPU
		{C815653B-CE5F-4A86-AC55-123AE1FC0B81}.Debug|Mixed Platforms.ActiveCfg = Debug|Any CPU
		{C815653B-CE5F-4A86-AC55-123AE1FC0B81}.Debug|Mixed Platforms.Build.0 = Debug|Any CPU
		{C815653B-CE5F-4A86-AC55-123AE1FC0B81}.Debug|x86.ActiveCfg = Debug|Any CPU
		{C815653B-CE5F-4A86-AC55-123AE1FC0B81}.DebugDSProjection|Any CPU.ActiveCfg = Debug|Any CPU
		{C815653B-CE5F-4A86-AC55-123AE1FC0B81}.DebugDSProjection|Any CPU.Build.0 = Debug|Any CPU
		{C815653B-CE5F-4A86-AC55-123AE1FC0B81}.DebugDSProjection|Mixed Platforms.ActiveCfg = Debug|Any CPU
		{C815653B-CE5F-4A86-AC55-123AE1FC0B81}.DebugDSProjection|Mixed Platforms.Build.0 = Debug|Any CPU
		{C815653B-CE5F-4A86-AC55-123AE1FC0B81}.DebugDSProjection|x86.ActiveCfg = Debug|Any CPU
		{C815653B-CE5F-4A86-AC55-123AE1FC0B81}.Release|Any CPU.ActiveCfg = Release|Any CPU
		{C815653B-CE5F-4A86-AC55-123AE1FC0B81}.Release|Any CPU.Build.0 = Release|Any CPU
		{C815653B-CE5F-4A86-AC55-123AE1FC0B81}.Release|Mixed Platforms.ActiveCfg = Release|Any CPU
		{C815653B-CE5F-4A86-AC55-123AE1FC0B81}.Release|Mixed Platforms.Build.0 = Release|Any CPU
		{C815653B-CE5F-4A86-AC55-123AE1FC0B81}.Release|x86.ActiveCfg = Release|Any CPU
		{C815653B-CE5F-4A86-AC55-123AE1FC0B81}.ReleaseDSProjection|Any CPU.ActiveCfg = Release|Any CPU
		{C815653B-CE5F-4A86-AC55-123AE1FC0B81}.ReleaseDSProjection|Any CPU.Build.0 = Release|Any CPU
		{C815653B-CE5F-4A86-AC55-123AE1FC0B81}.ReleaseDSProjection|Mixed Platforms.ActiveCfg = Release|Any CPU
		{C815653B-CE5F-4A86-AC55-123AE1FC0B81}.ReleaseDSProjection|Mixed Platforms.Build.0 = Release|Any CPU
		{C815653B-CE5F-4A86-AC55-123AE1FC0B81}.ReleaseDSProjection|x86.ActiveCfg = Release|Any CPU
		{0C7D9D95-1165-4C46-8346-748E4D276CFD}.Debug|Any CPU.ActiveCfg = Debug|Any CPU
		{0C7D9D95-1165-4C46-8346-748E4D276CFD}.Debug|Any CPU.Build.0 = Debug|Any CPU
		{0C7D9D95-1165-4C46-8346-748E4D276CFD}.Debug|Mixed Platforms.ActiveCfg = Debug|Any CPU
		{0C7D9D95-1165-4C46-8346-748E4D276CFD}.Debug|Mixed Platforms.Build.0 = Debug|Any CPU
		{0C7D9D95-1165-4C46-8346-748E4D276CFD}.Debug|x86.ActiveCfg = Debug|Any CPU
		{0C7D9D95-1165-4C46-8346-748E4D276CFD}.DebugDSProjection|Any CPU.ActiveCfg = Debug|Any CPU
		{0C7D9D95-1165-4C46-8346-748E4D276CFD}.DebugDSProjection|Any CPU.Build.0 = Debug|Any CPU
		{0C7D9D95-1165-4C46-8346-748E4D276CFD}.DebugDSProjection|Mixed Platforms.ActiveCfg = Debug|Any CPU
		{0C7D9D95-1165-4C46-8346-748E4D276CFD}.DebugDSProjection|Mixed Platforms.Build.0 = Debug|Any CPU
		{0C7D9D95-1165-4C46-8346-748E4D276CFD}.DebugDSProjection|x86.ActiveCfg = Debug|Any CPU
		{0C7D9D95-1165-4C46-8346-748E4D276CFD}.Release|Any CPU.ActiveCfg = Release|Any CPU
		{0C7D9D95-1165-4C46-8346-748E4D276CFD}.Release|Any CPU.Build.0 = Release|Any CPU
		{0C7D9D95-1165-4C46-8346-748E4D276CFD}.Release|Mixed Platforms.ActiveCfg = Release|Any CPU
		{0C7D9D95-1165-4C46-8346-748E4D276CFD}.Release|Mixed Platforms.Build.0 = Release|Any CPU
		{0C7D9D95-1165-4C46-8346-748E4D276CFD}.Release|x86.ActiveCfg = Release|Any CPU
		{0C7D9D95-1165-4C46-8346-748E4D276CFD}.ReleaseDSProjection|Any CPU.ActiveCfg = Release|Any CPU
		{0C7D9D95-1165-4C46-8346-748E4D276CFD}.ReleaseDSProjection|Any CPU.Build.0 = Release|Any CPU
		{0C7D9D95-1165-4C46-8346-748E4D276CFD}.ReleaseDSProjection|Mixed Platforms.ActiveCfg = Release|Any CPU
		{0C7D9D95-1165-4C46-8346-748E4D276CFD}.ReleaseDSProjection|Mixed Platforms.Build.0 = Release|Any CPU
		{0C7D9D95-1165-4C46-8346-748E4D276CFD}.ReleaseDSProjection|x86.ActiveCfg = Release|Any CPU
		{06291B86-FBC9-417B-8EAE-357777BBBFA3}.Debug|Any CPU.ActiveCfg = Debug|Any CPU
		{06291B86-FBC9-417B-8EAE-357777BBBFA3}.Debug|Any CPU.Build.0 = Debug|Any CPU
		{06291B86-FBC9-417B-8EAE-357777BBBFA3}.Debug|Mixed Platforms.ActiveCfg = Debug|Any CPU
		{06291B86-FBC9-417B-8EAE-357777BBBFA3}.Debug|Mixed Platforms.Build.0 = Debug|Any CPU
		{06291B86-FBC9-417B-8EAE-357777BBBFA3}.Debug|x86.ActiveCfg = Debug|Any CPU
		{06291B86-FBC9-417B-8EAE-357777BBBFA3}.DebugDSProjection|Any CPU.ActiveCfg = Debug|Any CPU
		{06291B86-FBC9-417B-8EAE-357777BBBFA3}.DebugDSProjection|Any CPU.Build.0 = Debug|Any CPU
		{06291B86-FBC9-417B-8EAE-357777BBBFA3}.DebugDSProjection|Mixed Platforms.ActiveCfg = Debug|Any CPU
		{06291B86-FBC9-417B-8EAE-357777BBBFA3}.DebugDSProjection|Mixed Platforms.Build.0 = Debug|Any CPU
		{06291B86-FBC9-417B-8EAE-357777BBBFA3}.DebugDSProjection|x86.ActiveCfg = Debug|Any CPU
		{06291B86-FBC9-417B-8EAE-357777BBBFA3}.Release|Any CPU.ActiveCfg = Release|Any CPU
		{06291B86-FBC9-417B-8EAE-357777BBBFA3}.Release|Any CPU.Build.0 = Release|Any CPU
		{06291B86-FBC9-417B-8EAE-357777BBBFA3}.Release|Mixed Platforms.ActiveCfg = Release|Any CPU
		{06291B86-FBC9-417B-8EAE-357777BBBFA3}.Release|Mixed Platforms.Build.0 = Release|Any CPU
		{06291B86-FBC9-417B-8EAE-357777BBBFA3}.Release|x86.ActiveCfg = Release|Any CPU
		{06291B86-FBC9-417B-8EAE-357777BBBFA3}.ReleaseDSProjection|Any CPU.ActiveCfg = Release|Any CPU
		{06291B86-FBC9-417B-8EAE-357777BBBFA3}.ReleaseDSProjection|Any CPU.Build.0 = Release|Any CPU
		{06291B86-FBC9-417B-8EAE-357777BBBFA3}.ReleaseDSProjection|Mixed Platforms.ActiveCfg = Release|Any CPU
		{06291B86-FBC9-417B-8EAE-357777BBBFA3}.ReleaseDSProjection|Mixed Platforms.Build.0 = Release|Any CPU
		{06291B86-FBC9-417B-8EAE-357777BBBFA3}.ReleaseDSProjection|x86.ActiveCfg = Release|Any CPU
		{31F1FC49-6DD4-41D9-9975-366FF8FFCA9C}.Debug|Any CPU.ActiveCfg = Debug|Any CPU
		{31F1FC49-6DD4-41D9-9975-366FF8FFCA9C}.Debug|Any CPU.Build.0 = Debug|Any CPU
		{31F1FC49-6DD4-41D9-9975-366FF8FFCA9C}.Debug|Mixed Platforms.ActiveCfg = Debug|Any CPU
		{31F1FC49-6DD4-41D9-9975-366FF8FFCA9C}.Debug|Mixed Platforms.Build.0 = Debug|Any CPU
		{31F1FC49-6DD4-41D9-9975-366FF8FFCA9C}.Debug|x86.ActiveCfg = Debug|Any CPU
		{31F1FC49-6DD4-41D9-9975-366FF8FFCA9C}.DebugDSProjection|Any CPU.ActiveCfg = Debug|Any CPU
		{31F1FC49-6DD4-41D9-9975-366FF8FFCA9C}.DebugDSProjection|Any CPU.Build.0 = Debug|Any CPU
		{31F1FC49-6DD4-41D9-9975-366FF8FFCA9C}.DebugDSProjection|Mixed Platforms.ActiveCfg = Debug|Any CPU
		{31F1FC49-6DD4-41D9-9975-366FF8FFCA9C}.DebugDSProjection|Mixed Platforms.Build.0 = Debug|Any CPU
		{31F1FC49-6DD4-41D9-9975-366FF8FFCA9C}.DebugDSProjection|x86.ActiveCfg = Debug|Any CPU
		{31F1FC49-6DD4-41D9-9975-366FF8FFCA9C}.Release|Any CPU.ActiveCfg = Release|Any CPU
		{31F1FC49-6DD4-41D9-9975-366FF8FFCA9C}.Release|Any CPU.Build.0 = Release|Any CPU
		{31F1FC49-6DD4-41D9-9975-366FF8FFCA9C}.Release|Mixed Platforms.ActiveCfg = Release|Any CPU
		{31F1FC49-6DD4-41D9-9975-366FF8FFCA9C}.Release|Mixed Platforms.Build.0 = Release|Any CPU
		{31F1FC49-6DD4-41D9-9975-366FF8FFCA9C}.Release|x86.ActiveCfg = Release|Any CPU
		{31F1FC49-6DD4-41D9-9975-366FF8FFCA9C}.ReleaseDSProjection|Any CPU.ActiveCfg = Release|Any CPU
		{31F1FC49-6DD4-41D9-9975-366FF8FFCA9C}.ReleaseDSProjection|Any CPU.Build.0 = Release|Any CPU
		{31F1FC49-6DD4-41D9-9975-366FF8FFCA9C}.ReleaseDSProjection|Mixed Platforms.ActiveCfg = Release|Any CPU
		{31F1FC49-6DD4-41D9-9975-366FF8FFCA9C}.ReleaseDSProjection|Mixed Platforms.Build.0 = Release|Any CPU
		{31F1FC49-6DD4-41D9-9975-366FF8FFCA9C}.ReleaseDSProjection|x86.ActiveCfg = Release|Any CPU
		{D8762113-9310-48BF-BDB8-A76F04BB546D}.Debug|Any CPU.ActiveCfg = Debug|Any CPU
		{D8762113-9310-48BF-BDB8-A76F04BB546D}.Debug|Any CPU.Build.0 = Debug|Any CPU
		{D8762113-9310-48BF-BDB8-A76F04BB546D}.Debug|Mixed Platforms.ActiveCfg = Debug|Any CPU
		{D8762113-9310-48BF-BDB8-A76F04BB546D}.Debug|Mixed Platforms.Build.0 = Debug|Any CPU
		{D8762113-9310-48BF-BDB8-A76F04BB546D}.Debug|x86.ActiveCfg = Debug|Any CPU
		{D8762113-9310-48BF-BDB8-A76F04BB546D}.DebugDSProjection|Any CPU.ActiveCfg = Debug|Any CPU
		{D8762113-9310-48BF-BDB8-A76F04BB546D}.DebugDSProjection|Any CPU.Build.0 = Debug|Any CPU
		{D8762113-9310-48BF-BDB8-A76F04BB546D}.DebugDSProjection|Mixed Platforms.ActiveCfg = Debug|Any CPU
		{D8762113-9310-48BF-BDB8-A76F04BB546D}.DebugDSProjection|Mixed Platforms.Build.0 = Debug|Any CPU
		{D8762113-9310-48BF-BDB8-A76F04BB546D}.DebugDSProjection|x86.ActiveCfg = Debug|Any CPU
		{D8762113-9310-48BF-BDB8-A76F04BB546D}.Release|Any CPU.ActiveCfg = Release|Any CPU
		{D8762113-9310-48BF-BDB8-A76F04BB546D}.Release|Any CPU.Build.0 = Release|Any CPU
		{D8762113-9310-48BF-BDB8-A76F04BB546D}.Release|Mixed Platforms.ActiveCfg = Release|Any CPU
		{D8762113-9310-48BF-BDB8-A76F04BB546D}.Release|Mixed Platforms.Build.0 = Release|Any CPU
		{D8762113-9310-48BF-BDB8-A76F04BB546D}.Release|x86.ActiveCfg = Release|Any CPU
		{D8762113-9310-48BF-BDB8-A76F04BB546D}.ReleaseDSProjection|Any CPU.ActiveCfg = Release|Any CPU
		{D8762113-9310-48BF-BDB8-A76F04BB546D}.ReleaseDSProjection|Any CPU.Build.0 = Release|Any CPU
		{D8762113-9310-48BF-BDB8-A76F04BB546D}.ReleaseDSProjection|Mixed Platforms.ActiveCfg = Release|Any CPU
		{D8762113-9310-48BF-BDB8-A76F04BB546D}.ReleaseDSProjection|Mixed Platforms.Build.0 = Release|Any CPU
		{D8762113-9310-48BF-BDB8-A76F04BB546D}.ReleaseDSProjection|x86.ActiveCfg = Release|Any CPU
		{381F0054-57F8-4709-80F4-E98E3232ADE4}.Debug|Any CPU.ActiveCfg = Debug|Any CPU
		{381F0054-57F8-4709-80F4-E98E3232ADE4}.Debug|Any CPU.Build.0 = Debug|Any CPU
		{381F0054-57F8-4709-80F4-E98E3232ADE4}.Debug|Mixed Platforms.ActiveCfg = Debug|Any CPU
		{381F0054-57F8-4709-80F4-E98E3232ADE4}.Debug|Mixed Platforms.Build.0 = Debug|Any CPU
		{381F0054-57F8-4709-80F4-E98E3232ADE4}.Debug|x86.ActiveCfg = Debug|Any CPU
		{381F0054-57F8-4709-80F4-E98E3232ADE4}.DebugDSProjection|Any CPU.ActiveCfg = Debug|Any CPU
		{381F0054-57F8-4709-80F4-E98E3232ADE4}.DebugDSProjection|Any CPU.Build.0 = Debug|Any CPU
		{381F0054-57F8-4709-80F4-E98E3232ADE4}.DebugDSProjection|Mixed Platforms.ActiveCfg = Debug|Any CPU
		{381F0054-57F8-4709-80F4-E98E3232ADE4}.DebugDSProjection|Mixed Platforms.Build.0 = Debug|Any CPU
		{381F0054-57F8-4709-80F4-E98E3232ADE4}.DebugDSProjection|x86.ActiveCfg = Debug|Any CPU
		{381F0054-57F8-4709-80F4-E98E3232ADE4}.Release|Any CPU.ActiveCfg = Release|Any CPU
		{381F0054-57F8-4709-80F4-E98E3232ADE4}.Release|Any CPU.Build.0 = Release|Any CPU
		{381F0054-57F8-4709-80F4-E98E3232ADE4}.Release|Mixed Platforms.ActiveCfg = Release|Any CPU
		{381F0054-57F8-4709-80F4-E98E3232ADE4}.Release|Mixed Platforms.Build.0 = Release|Any CPU
		{381F0054-57F8-4709-80F4-E98E3232ADE4}.Release|x86.ActiveCfg = Release|Any CPU
		{381F0054-57F8-4709-80F4-E98E3232ADE4}.ReleaseDSProjection|Any CPU.ActiveCfg = Release|Any CPU
		{381F0054-57F8-4709-80F4-E98E3232ADE4}.ReleaseDSProjection|Any CPU.Build.0 = Release|Any CPU
		{381F0054-57F8-4709-80F4-E98E3232ADE4}.ReleaseDSProjection|Mixed Platforms.ActiveCfg = Release|Any CPU
		{381F0054-57F8-4709-80F4-E98E3232ADE4}.ReleaseDSProjection|Mixed Platforms.Build.0 = Release|Any CPU
		{381F0054-57F8-4709-80F4-E98E3232ADE4}.ReleaseDSProjection|x86.ActiveCfg = Release|Any CPU
		{AB4D2C53-EE8B-4CAF-98EE-7D671854B281}.Debug|Any CPU.ActiveCfg = Debug|Any CPU
		{AB4D2C53-EE8B-4CAF-98EE-7D671854B281}.Debug|Any CPU.Build.0 = Debug|Any CPU
		{AB4D2C53-EE8B-4CAF-98EE-7D671854B281}.Debug|Mixed Platforms.ActiveCfg = Debug|Any CPU
		{AB4D2C53-EE8B-4CAF-98EE-7D671854B281}.Debug|Mixed Platforms.Build.0 = Debug|Any CPU
		{AB4D2C53-EE8B-4CAF-98EE-7D671854B281}.Debug|x86.ActiveCfg = Debug|Any CPU
		{AB4D2C53-EE8B-4CAF-98EE-7D671854B281}.DebugDSProjection|Any CPU.ActiveCfg = Debug|Any CPU
		{AB4D2C53-EE8B-4CAF-98EE-7D671854B281}.DebugDSProjection|Any CPU.Build.0 = Debug|Any CPU
		{AB4D2C53-EE8B-4CAF-98EE-7D671854B281}.DebugDSProjection|Mixed Platforms.ActiveCfg = Debug|Any CPU
		{AB4D2C53-EE8B-4CAF-98EE-7D671854B281}.DebugDSProjection|Mixed Platforms.Build.0 = Debug|Any CPU
		{AB4D2C53-EE8B-4CAF-98EE-7D671854B281}.DebugDSProjection|x86.ActiveCfg = Debug|Any CPU
		{AB4D2C53-EE8B-4CAF-98EE-7D671854B281}.Release|Any CPU.ActiveCfg = Release|Any CPU
		{AB4D2C53-EE8B-4CAF-98EE-7D671854B281}.Release|Any CPU.Build.0 = Release|Any CPU
		{AB4D2C53-EE8B-4CAF-98EE-7D671854B281}.Release|Mixed Platforms.ActiveCfg = Release|Any CPU
		{AB4D2C53-EE8B-4CAF-98EE-7D671854B281}.Release|Mixed Platforms.Build.0 = Release|Any CPU
		{AB4D2C53-EE8B-4CAF-98EE-7D671854B281}.Release|x86.ActiveCfg = Release|Any CPU
		{AB4D2C53-EE8B-4CAF-98EE-7D671854B281}.ReleaseDSProjection|Any CPU.ActiveCfg = Release|Any CPU
		{AB4D2C53-EE8B-4CAF-98EE-7D671854B281}.ReleaseDSProjection|Any CPU.Build.0 = Release|Any CPU
		{AB4D2C53-EE8B-4CAF-98EE-7D671854B281}.ReleaseDSProjection|Mixed Platforms.ActiveCfg = Release|Any CPU
		{AB4D2C53-EE8B-4CAF-98EE-7D671854B281}.ReleaseDSProjection|Mixed Platforms.Build.0 = Release|Any CPU
		{AB4D2C53-EE8B-4CAF-98EE-7D671854B281}.ReleaseDSProjection|x86.ActiveCfg = Release|Any CPU
		{715A122F-4389-4F4C-8FFB-8347F5637FC7}.Debug|Any CPU.ActiveCfg = Debug|Any CPU
		{715A122F-4389-4F4C-8FFB-8347F5637FC7}.Debug|Any CPU.Build.0 = Debug|Any CPU
		{715A122F-4389-4F4C-8FFB-8347F5637FC7}.Debug|Mixed Platforms.ActiveCfg = Debug|Any CPU
		{715A122F-4389-4F4C-8FFB-8347F5637FC7}.Debug|Mixed Platforms.Build.0 = Debug|Any CPU
		{715A122F-4389-4F4C-8FFB-8347F5637FC7}.Debug|x86.ActiveCfg = Debug|Any CPU
		{715A122F-4389-4F4C-8FFB-8347F5637FC7}.DebugDSProjection|Any CPU.ActiveCfg = Debug|Any CPU
		{715A122F-4389-4F4C-8FFB-8347F5637FC7}.DebugDSProjection|Any CPU.Build.0 = Debug|Any CPU
		{715A122F-4389-4F4C-8FFB-8347F5637FC7}.DebugDSProjection|Mixed Platforms.ActiveCfg = Debug|Any CPU
		{715A122F-4389-4F4C-8FFB-8347F5637FC7}.DebugDSProjection|Mixed Platforms.Build.0 = Debug|Any CPU
		{715A122F-4389-4F4C-8FFB-8347F5637FC7}.DebugDSProjection|x86.ActiveCfg = Debug|Any CPU
		{715A122F-4389-4F4C-8FFB-8347F5637FC7}.Release|Any CPU.ActiveCfg = Release|Any CPU
		{715A122F-4389-4F4C-8FFB-8347F5637FC7}.Release|Any CPU.Build.0 = Release|Any CPU
		{715A122F-4389-4F4C-8FFB-8347F5637FC7}.Release|Mixed Platforms.ActiveCfg = Release|Any CPU
		{715A122F-4389-4F4C-8FFB-8347F5637FC7}.Release|Mixed Platforms.Build.0 = Release|Any CPU
		{715A122F-4389-4F4C-8FFB-8347F5637FC7}.Release|x86.ActiveCfg = Release|Any CPU
		{715A122F-4389-4F4C-8FFB-8347F5637FC7}.ReleaseDSProjection|Any CPU.ActiveCfg = Release|Any CPU
		{715A122F-4389-4F4C-8FFB-8347F5637FC7}.ReleaseDSProjection|Any CPU.Build.0 = Release|Any CPU
		{715A122F-4389-4F4C-8FFB-8347F5637FC7}.ReleaseDSProjection|Mixed Platforms.ActiveCfg = Release|Any CPU
		{715A122F-4389-4F4C-8FFB-8347F5637FC7}.ReleaseDSProjection|Mixed Platforms.Build.0 = Release|Any CPU
		{715A122F-4389-4F4C-8FFB-8347F5637FC7}.ReleaseDSProjection|x86.ActiveCfg = Release|Any CPU
		{4DB1C271-F23F-409A-B1F7-CC29331708AC}.Debug|Any CPU.ActiveCfg = Debug|Any CPU
		{4DB1C271-F23F-409A-B1F7-CC29331708AC}.Debug|Any CPU.Build.0 = Debug|Any CPU
		{4DB1C271-F23F-409A-B1F7-CC29331708AC}.Debug|Mixed Platforms.ActiveCfg = Debug|Any CPU
		{4DB1C271-F23F-409A-B1F7-CC29331708AC}.Debug|Mixed Platforms.Build.0 = Debug|Any CPU
		{4DB1C271-F23F-409A-B1F7-CC29331708AC}.Debug|x86.ActiveCfg = Debug|Any CPU
		{4DB1C271-F23F-409A-B1F7-CC29331708AC}.DebugDSProjection|Any CPU.ActiveCfg = Debug|Any CPU
		{4DB1C271-F23F-409A-B1F7-CC29331708AC}.DebugDSProjection|Any CPU.Build.0 = Debug|Any CPU
		{4DB1C271-F23F-409A-B1F7-CC29331708AC}.DebugDSProjection|Mixed Platforms.ActiveCfg = Debug|Any CPU
		{4DB1C271-F23F-409A-B1F7-CC29331708AC}.DebugDSProjection|Mixed Platforms.Build.0 = Debug|Any CPU
		{4DB1C271-F23F-409A-B1F7-CC29331708AC}.DebugDSProjection|x86.ActiveCfg = Debug|Any CPU
		{4DB1C271-F23F-409A-B1F7-CC29331708AC}.Release|Any CPU.ActiveCfg = Release|Any CPU
		{4DB1C271-F23F-409A-B1F7-CC29331708AC}.Release|Any CPU.Build.0 = Release|Any CPU
		{4DB1C271-F23F-409A-B1F7-CC29331708AC}.Release|Mixed Platforms.ActiveCfg = Release|Any CPU
		{4DB1C271-F23F-409A-B1F7-CC29331708AC}.Release|Mixed Platforms.Build.0 = Release|Any CPU
		{4DB1C271-F23F-409A-B1F7-CC29331708AC}.Release|x86.ActiveCfg = Release|Any CPU
		{4DB1C271-F23F-409A-B1F7-CC29331708AC}.ReleaseDSProjection|Any CPU.ActiveCfg = Release|Any CPU
		{4DB1C271-F23F-409A-B1F7-CC29331708AC}.ReleaseDSProjection|Any CPU.Build.0 = Release|Any CPU
		{4DB1C271-F23F-409A-B1F7-CC29331708AC}.ReleaseDSProjection|Mixed Platforms.ActiveCfg = Release|Any CPU
		{4DB1C271-F23F-409A-B1F7-CC29331708AC}.ReleaseDSProjection|Mixed Platforms.Build.0 = Release|Any CPU
		{4DB1C271-F23F-409A-B1F7-CC29331708AC}.ReleaseDSProjection|x86.ActiveCfg = Release|Any CPU
		{0CA60AB7-4F6F-43D3-B9F4-C39E7DEF79E9}.Debug|Any CPU.ActiveCfg = Debug|Any CPU
		{0CA60AB7-4F6F-43D3-B9F4-C39E7DEF79E9}.Debug|Any CPU.Build.0 = Debug|Any CPU
		{0CA60AB7-4F6F-43D3-B9F4-C39E7DEF79E9}.Debug|Mixed Platforms.ActiveCfg = Debug|Any CPU
		{0CA60AB7-4F6F-43D3-B9F4-C39E7DEF79E9}.Debug|Mixed Platforms.Build.0 = Debug|Any CPU
		{0CA60AB7-4F6F-43D3-B9F4-C39E7DEF79E9}.Debug|x86.ActiveCfg = Debug|Any CPU
		{0CA60AB7-4F6F-43D3-B9F4-C39E7DEF79E9}.DebugDSProjection|Any CPU.ActiveCfg = Debug|Any CPU
		{0CA60AB7-4F6F-43D3-B9F4-C39E7DEF79E9}.DebugDSProjection|Any CPU.Build.0 = Debug|Any CPU
		{0CA60AB7-4F6F-43D3-B9F4-C39E7DEF79E9}.DebugDSProjection|Mixed Platforms.ActiveCfg = Debug|Any CPU
		{0CA60AB7-4F6F-43D3-B9F4-C39E7DEF79E9}.DebugDSProjection|Mixed Platforms.Build.0 = Debug|Any CPU
		{0CA60AB7-4F6F-43D3-B9F4-C39E7DEF79E9}.DebugDSProjection|x86.ActiveCfg = Debug|Any CPU
		{0CA60AB7-4F6F-43D3-B9F4-C39E7DEF79E9}.Release|Any CPU.ActiveCfg = Release|Any CPU
		{0CA60AB7-4F6F-43D3-B9F4-C39E7DEF79E9}.Release|Any CPU.Build.0 = Release|Any CPU
		{0CA60AB7-4F6F-43D3-B9F4-C39E7DEF79E9}.Release|Mixed Platforms.ActiveCfg = Release|Any CPU
		{0CA60AB7-4F6F-43D3-B9F4-C39E7DEF79E9}.Release|Mixed Platforms.Build.0 = Release|Any CPU
		{0CA60AB7-4F6F-43D3-B9F4-C39E7DEF79E9}.Release|x86.ActiveCfg = Release|Any CPU
		{0CA60AB7-4F6F-43D3-B9F4-C39E7DEF79E9}.ReleaseDSProjection|Any CPU.ActiveCfg = Release|Any CPU
		{0CA60AB7-4F6F-43D3-B9F4-C39E7DEF79E9}.ReleaseDSProjection|Any CPU.Build.0 = Release|Any CPU
		{0CA60AB7-4F6F-43D3-B9F4-C39E7DEF79E9}.ReleaseDSProjection|Mixed Platforms.ActiveCfg = Release|Any CPU
		{0CA60AB7-4F6F-43D3-B9F4-C39E7DEF79E9}.ReleaseDSProjection|Mixed Platforms.Build.0 = Release|Any CPU
		{0CA60AB7-4F6F-43D3-B9F4-C39E7DEF79E9}.ReleaseDSProjection|x86.ActiveCfg = Release|Any CPU
		{299245D2-5F4B-4E7A-A08D-05930B831287}.Debug|Any CPU.ActiveCfg = Debug|Any CPU
		{299245D2-5F4B-4E7A-A08D-05930B831287}.Debug|Any CPU.Build.0 = Debug|Any CPU
		{299245D2-5F4B-4E7A-A08D-05930B831287}.Debug|Mixed Platforms.ActiveCfg = Debug|Any CPU
		{299245D2-5F4B-4E7A-A08D-05930B831287}.Debug|Mixed Platforms.Build.0 = Debug|Any CPU
		{299245D2-5F4B-4E7A-A08D-05930B831287}.Debug|x86.ActiveCfg = Debug|Any CPU
		{299245D2-5F4B-4E7A-A08D-05930B831287}.DebugDSProjection|Any CPU.ActiveCfg = Debug|Any CPU
		{299245D2-5F4B-4E7A-A08D-05930B831287}.DebugDSProjection|Any CPU.Build.0 = Debug|Any CPU
		{299245D2-5F4B-4E7A-A08D-05930B831287}.DebugDSProjection|Mixed Platforms.ActiveCfg = Debug|Any CPU
		{299245D2-5F4B-4E7A-A08D-05930B831287}.DebugDSProjection|Mixed Platforms.Build.0 = Debug|Any CPU
		{299245D2-5F4B-4E7A-A08D-05930B831287}.DebugDSProjection|x86.ActiveCfg = Debug|Any CPU
		{299245D2-5F4B-4E7A-A08D-05930B831287}.Release|Any CPU.ActiveCfg = Release|Any CPU
		{299245D2-5F4B-4E7A-A08D-05930B831287}.Release|Any CPU.Build.0 = Release|Any CPU
		{299245D2-5F4B-4E7A-A08D-05930B831287}.Release|Mixed Platforms.ActiveCfg = Release|Any CPU
		{299245D2-5F4B-4E7A-A08D-05930B831287}.Release|Mixed Platforms.Build.0 = Release|Any CPU
		{299245D2-5F4B-4E7A-A08D-05930B831287}.Release|x86.ActiveCfg = Release|Any CPU
		{299245D2-5F4B-4E7A-A08D-05930B831287}.ReleaseDSProjection|Any CPU.ActiveCfg = Release|Any CPU
		{299245D2-5F4B-4E7A-A08D-05930B831287}.ReleaseDSProjection|Any CPU.Build.0 = Release|Any CPU
		{299245D2-5F4B-4E7A-A08D-05930B831287}.ReleaseDSProjection|Mixed Platforms.ActiveCfg = Release|Any CPU
		{299245D2-5F4B-4E7A-A08D-05930B831287}.ReleaseDSProjection|Mixed Platforms.Build.0 = Release|Any CPU
		{299245D2-5F4B-4E7A-A08D-05930B831287}.ReleaseDSProjection|x86.ActiveCfg = Release|Any CPU
		{EA163B07-EF46-418C-97EA-70DB84C263A3}.Debug|Any CPU.ActiveCfg = Debug|Any CPU
		{EA163B07-EF46-418C-97EA-70DB84C263A3}.Debug|Any CPU.Build.0 = Debug|Any CPU
		{EA163B07-EF46-418C-97EA-70DB84C263A3}.Debug|Mixed Platforms.ActiveCfg = Debug|Any CPU
		{EA163B07-EF46-418C-97EA-70DB84C263A3}.Debug|Mixed Platforms.Build.0 = Debug|Any CPU
		{EA163B07-EF46-418C-97EA-70DB84C263A3}.Debug|x86.ActiveCfg = Debug|Any CPU
		{EA163B07-EF46-418C-97EA-70DB84C263A3}.DebugDSProjection|Any CPU.ActiveCfg = Debug|Any CPU
		{EA163B07-EF46-418C-97EA-70DB84C263A3}.DebugDSProjection|Any CPU.Build.0 = Debug|Any CPU
		{EA163B07-EF46-418C-97EA-70DB84C263A3}.DebugDSProjection|Mixed Platforms.ActiveCfg = Debug|Any CPU
		{EA163B07-EF46-418C-97EA-70DB84C263A3}.DebugDSProjection|Mixed Platforms.Build.0 = Debug|Any CPU
		{EA163B07-EF46-418C-97EA-70DB84C263A3}.DebugDSProjection|x86.ActiveCfg = Debug|Any CPU
		{EA163B07-EF46-418C-97EA-70DB84C263A3}.Release|Any CPU.ActiveCfg = Release|Any CPU
		{EA163B07-EF46-418C-97EA-70DB84C263A3}.Release|Any CPU.Build.0 = Release|Any CPU
		{EA163B07-EF46-418C-97EA-70DB84C263A3}.Release|Mixed Platforms.ActiveCfg = Release|Any CPU
		{EA163B07-EF46-418C-97EA-70DB84C263A3}.Release|Mixed Platforms.Build.0 = Release|Any CPU
		{EA163B07-EF46-418C-97EA-70DB84C263A3}.Release|x86.ActiveCfg = Release|Any CPU
		{EA163B07-EF46-418C-97EA-70DB84C263A3}.ReleaseDSProjection|Any CPU.ActiveCfg = Release|Any CPU
		{EA163B07-EF46-418C-97EA-70DB84C263A3}.ReleaseDSProjection|Any CPU.Build.0 = Release|Any CPU
		{EA163B07-EF46-418C-97EA-70DB84C263A3}.ReleaseDSProjection|Mixed Platforms.ActiveCfg = Release|Any CPU
		{EA163B07-EF46-418C-97EA-70DB84C263A3}.ReleaseDSProjection|Mixed Platforms.Build.0 = Release|Any CPU
		{EA163B07-EF46-418C-97EA-70DB84C263A3}.ReleaseDSProjection|x86.ActiveCfg = Release|Any CPU
		{C2569B7B-8862-4331-9560-102AEE4FFC1E}.Debug|Any CPU.ActiveCfg = Debug|x86
		{C2569B7B-8862-4331-9560-102AEE4FFC1E}.Debug|Mixed Platforms.ActiveCfg = Debug|x86
		{C2569B7B-8862-4331-9560-102AEE4FFC1E}.Debug|Mixed Platforms.Build.0 = Debug|x86
		{C2569B7B-8862-4331-9560-102AEE4FFC1E}.Debug|x86.ActiveCfg = Debug|x86
		{C2569B7B-8862-4331-9560-102AEE4FFC1E}.Debug|x86.Build.0 = Debug|x86
		{C2569B7B-8862-4331-9560-102AEE4FFC1E}.DebugDSProjection|Any CPU.ActiveCfg = Debug|x86
		{C2569B7B-8862-4331-9560-102AEE4FFC1E}.DebugDSProjection|Mixed Platforms.ActiveCfg = Debug|x86
		{C2569B7B-8862-4331-9560-102AEE4FFC1E}.DebugDSProjection|Mixed Platforms.Build.0 = Debug|x86
		{C2569B7B-8862-4331-9560-102AEE4FFC1E}.DebugDSProjection|x86.ActiveCfg = Debug|x86
		{C2569B7B-8862-4331-9560-102AEE4FFC1E}.DebugDSProjection|x86.Build.0 = Debug|x86
		{C2569B7B-8862-4331-9560-102AEE4FFC1E}.Release|Any CPU.ActiveCfg = Release|x86
		{C2569B7B-8862-4331-9560-102AEE4FFC1E}.Release|Mixed Platforms.ActiveCfg = Release|x86
		{C2569B7B-8862-4331-9560-102AEE4FFC1E}.Release|Mixed Platforms.Build.0 = Release|x86
		{C2569B7B-8862-4331-9560-102AEE4FFC1E}.Release|x86.ActiveCfg = Release|x86
		{C2569B7B-8862-4331-9560-102AEE4FFC1E}.Release|x86.Build.0 = Release|x86
		{C2569B7B-8862-4331-9560-102AEE4FFC1E}.ReleaseDSProjection|Any CPU.ActiveCfg = Release|x86
		{C2569B7B-8862-4331-9560-102AEE4FFC1E}.ReleaseDSProjection|Mixed Platforms.ActiveCfg = Release|x86
		{C2569B7B-8862-4331-9560-102AEE4FFC1E}.ReleaseDSProjection|Mixed Platforms.Build.0 = Release|x86
		{C2569B7B-8862-4331-9560-102AEE4FFC1E}.ReleaseDSProjection|x86.ActiveCfg = Release|x86
		{C2569B7B-8862-4331-9560-102AEE4FFC1E}.ReleaseDSProjection|x86.Build.0 = Release|x86
		{4A5936C2-19B3-488C-8AA2-D0283A88F703}.Debug|Any CPU.ActiveCfg = Debug|x86
		{4A5936C2-19B3-488C-8AA2-D0283A88F703}.Debug|Mixed Platforms.ActiveCfg = Debug|x86
		{4A5936C2-19B3-488C-8AA2-D0283A88F703}.Debug|Mixed Platforms.Build.0 = Debug|x86
		{4A5936C2-19B3-488C-8AA2-D0283A88F703}.Debug|x86.ActiveCfg = Debug|x86
		{4A5936C2-19B3-488C-8AA2-D0283A88F703}.Debug|x86.Build.0 = Debug|x86
		{4A5936C2-19B3-488C-8AA2-D0283A88F703}.DebugDSProjection|Any CPU.ActiveCfg = Debug|x86
		{4A5936C2-19B3-488C-8AA2-D0283A88F703}.DebugDSProjection|Mixed Platforms.ActiveCfg = Debug|x86
		{4A5936C2-19B3-488C-8AA2-D0283A88F703}.DebugDSProjection|Mixed Platforms.Build.0 = Debug|x86
		{4A5936C2-19B3-488C-8AA2-D0283A88F703}.DebugDSProjection|x86.ActiveCfg = Debug|x86
		{4A5936C2-19B3-488C-8AA2-D0283A88F703}.DebugDSProjection|x86.Build.0 = Debug|x86
		{4A5936C2-19B3-488C-8AA2-D0283A88F703}.Release|Any CPU.ActiveCfg = Release|x86
		{4A5936C2-19B3-488C-8AA2-D0283A88F703}.Release|Mixed Platforms.ActiveCfg = Release|x86
		{4A5936C2-19B3-488C-8AA2-D0283A88F703}.Release|Mixed Platforms.Build.0 = Release|x86
		{4A5936C2-19B3-488C-8AA2-D0283A88F703}.Release|x86.ActiveCfg = Release|x86
		{4A5936C2-19B3-488C-8AA2-D0283A88F703}.Release|x86.Build.0 = Release|x86
		{4A5936C2-19B3-488C-8AA2-D0283A88F703}.ReleaseDSProjection|Any CPU.ActiveCfg = Release|x86
		{4A5936C2-19B3-488C-8AA2-D0283A88F703}.ReleaseDSProjection|Mixed Platforms.ActiveCfg = Release|x86
		{4A5936C2-19B3-488C-8AA2-D0283A88F703}.ReleaseDSProjection|Mixed Platforms.Build.0 = Release|x86
		{4A5936C2-19B3-488C-8AA2-D0283A88F703}.ReleaseDSProjection|x86.ActiveCfg = Release|x86
		{4A5936C2-19B3-488C-8AA2-D0283A88F703}.ReleaseDSProjection|x86.Build.0 = Release|x86
		{C83777FC-AABB-47D9-911F-D76255D4D541}.Debug|Any CPU.ActiveCfg = Debug|Any CPU
		{C83777FC-AABB-47D9-911F-D76255D4D541}.Debug|Any CPU.Build.0 = Debug|Any CPU
		{C83777FC-AABB-47D9-911F-D76255D4D541}.Debug|Mixed Platforms.ActiveCfg = Debug|Any CPU
		{C83777FC-AABB-47D9-911F-D76255D4D541}.Debug|Mixed Platforms.Build.0 = Debug|Any CPU
		{C83777FC-AABB-47D9-911F-D76255D4D541}.Debug|x86.ActiveCfg = Debug|Any CPU
		{C83777FC-AABB-47D9-911F-D76255D4D541}.DebugDSProjection|Any CPU.ActiveCfg = DebugDSProjection|Any CPU
		{C83777FC-AABB-47D9-911F-D76255D4D541}.DebugDSProjection|Any CPU.Build.0 = DebugDSProjection|Any CPU
		{C83777FC-AABB-47D9-911F-D76255D4D541}.DebugDSProjection|Mixed Platforms.ActiveCfg = DebugDSProjection|Any CPU
		{C83777FC-AABB-47D9-911F-D76255D4D541}.DebugDSProjection|Mixed Platforms.Build.0 = DebugDSProjection|Any CPU
		{C83777FC-AABB-47D9-911F-D76255D4D541}.DebugDSProjection|x86.ActiveCfg = DebugDSProjection|Any CPU
		{C83777FC-AABB-47D9-911F-D76255D4D541}.Release|Any CPU.ActiveCfg = Release|Any CPU
		{C83777FC-AABB-47D9-911F-D76255D4D541}.Release|Any CPU.Build.0 = Release|Any CPU
		{C83777FC-AABB-47D9-911F-D76255D4D541}.Release|Mixed Platforms.ActiveCfg = Release|Any CPU
		{C83777FC-AABB-47D9-911F-D76255D4D541}.Release|Mixed Platforms.Build.0 = Release|Any CPU
		{C83777FC-AABB-47D9-911F-D76255D4D541}.Release|x86.ActiveCfg = Release|Any CPU
		{C83777FC-AABB-47D9-911F-D76255D4D541}.ReleaseDSProjection|Any CPU.ActiveCfg = ReleaseDSProjection|Any CPU
		{C83777FC-AABB-47D9-911F-D76255D4D541}.ReleaseDSProjection|Any CPU.Build.0 = ReleaseDSProjection|Any CPU
		{C83777FC-AABB-47D9-911F-D76255D4D541}.ReleaseDSProjection|Mixed Platforms.ActiveCfg = ReleaseDSProjection|Any CPU
		{C83777FC-AABB-47D9-911F-D76255D4D541}.ReleaseDSProjection|Mixed Platforms.Build.0 = ReleaseDSProjection|Any CPU
		{C83777FC-AABB-47D9-911F-D76255D4D541}.ReleaseDSProjection|x86.ActiveCfg = ReleaseDSProjection|Any CPU
		{194718A3-9BCB-4958-990C-819891269465}.Debug|Any CPU.ActiveCfg = Debug|x86
		{194718A3-9BCB-4958-990C-819891269465}.Debug|Mixed Platforms.ActiveCfg = Debug|x86
		{194718A3-9BCB-4958-990C-819891269465}.Debug|Mixed Platforms.Build.0 = Debug|x86
		{194718A3-9BCB-4958-990C-819891269465}.Debug|x86.ActiveCfg = Debug|x86
		{194718A3-9BCB-4958-990C-819891269465}.Debug|x86.Build.0 = Debug|x86
		{194718A3-9BCB-4958-990C-819891269465}.DebugDSProjection|Any CPU.ActiveCfg = Debug|x86
		{194718A3-9BCB-4958-990C-819891269465}.DebugDSProjection|Mixed Platforms.ActiveCfg = Debug|x86
		{194718A3-9BCB-4958-990C-819891269465}.DebugDSProjection|Mixed Platforms.Build.0 = Debug|x86
		{194718A3-9BCB-4958-990C-819891269465}.DebugDSProjection|x86.ActiveCfg = Debug|x86
		{194718A3-9BCB-4958-990C-819891269465}.DebugDSProjection|x86.Build.0 = Debug|x86
		{194718A3-9BCB-4958-990C-819891269465}.Release|Any CPU.ActiveCfg = Release|x86
		{194718A3-9BCB-4958-990C-819891269465}.Release|Mixed Platforms.ActiveCfg = Release|x86
		{194718A3-9BCB-4958-990C-819891269465}.Release|Mixed Platforms.Build.0 = Release|x86
		{194718A3-9BCB-4958-990C-819891269465}.Release|x86.ActiveCfg = Release|x86
		{194718A3-9BCB-4958-990C-819891269465}.Release|x86.Build.0 = Release|x86
		{194718A3-9BCB-4958-990C-819891269465}.ReleaseDSProjection|Any CPU.ActiveCfg = Release|x86
		{194718A3-9BCB-4958-990C-819891269465}.ReleaseDSProjection|Mixed Platforms.ActiveCfg = Release|x86
		{194718A3-9BCB-4958-990C-819891269465}.ReleaseDSProjection|Mixed Platforms.Build.0 = Release|x86
		{194718A3-9BCB-4958-990C-819891269465}.ReleaseDSProjection|x86.ActiveCfg = Release|x86
		{194718A3-9BCB-4958-990C-819891269465}.ReleaseDSProjection|x86.Build.0 = Release|x86
		{F48074EC-C988-450D-9095-0FC02E37ED03}.Debug|Any CPU.ActiveCfg = Debug|x86
		{F48074EC-C988-450D-9095-0FC02E37ED03}.Debug|Mixed Platforms.ActiveCfg = Debug|x86
		{F48074EC-C988-450D-9095-0FC02E37ED03}.Debug|Mixed Platforms.Build.0 = Debug|x86
		{F48074EC-C988-450D-9095-0FC02E37ED03}.Debug|x86.ActiveCfg = Debug|x86
		{F48074EC-C988-450D-9095-0FC02E37ED03}.Debug|x86.Build.0 = Debug|x86
		{F48074EC-C988-450D-9095-0FC02E37ED03}.DebugDSProjection|Any CPU.ActiveCfg = Debug|x86
		{F48074EC-C988-450D-9095-0FC02E37ED03}.DebugDSProjection|Mixed Platforms.ActiveCfg = Debug|x86
		{F48074EC-C988-450D-9095-0FC02E37ED03}.DebugDSProjection|Mixed Platforms.Build.0 = Debug|x86
		{F48074EC-C988-450D-9095-0FC02E37ED03}.DebugDSProjection|x86.ActiveCfg = Debug|x86
		{F48074EC-C988-450D-9095-0FC02E37ED03}.DebugDSProjection|x86.Build.0 = Debug|x86
		{F48074EC-C988-450D-9095-0FC02E37ED03}.Release|Any CPU.ActiveCfg = Release|x86
		{F48074EC-C988-450D-9095-0FC02E37ED03}.Release|Mixed Platforms.ActiveCfg = Release|x86
		{F48074EC-C988-450D-9095-0FC02E37ED03}.Release|Mixed Platforms.Build.0 = Release|x86
		{F48074EC-C988-450D-9095-0FC02E37ED03}.Release|x86.ActiveCfg = Release|x86
		{F48074EC-C988-450D-9095-0FC02E37ED03}.Release|x86.Build.0 = Release|x86
		{F48074EC-C988-450D-9095-0FC02E37ED03}.ReleaseDSProjection|Any CPU.ActiveCfg = Release|x86
		{F48074EC-C988-450D-9095-0FC02E37ED03}.ReleaseDSProjection|Mixed Platforms.ActiveCfg = Release|x86
		{F48074EC-C988-450D-9095-0FC02E37ED03}.ReleaseDSProjection|Mixed Platforms.Build.0 = Release|x86
		{F48074EC-C988-450D-9095-0FC02E37ED03}.ReleaseDSProjection|x86.ActiveCfg = Release|x86
		{F48074EC-C988-450D-9095-0FC02E37ED03}.ReleaseDSProjection|x86.Build.0 = Release|x86
		{1FE064C5-075E-4987-AA41-067A20D52B70}.Debug|Any CPU.ActiveCfg = Debug|Any CPU
		{1FE064C5-075E-4987-AA41-067A20D52B70}.Debug|Any CPU.Build.0 = Debug|Any CPU
		{1FE064C5-075E-4987-AA41-067A20D52B70}.Debug|Mixed Platforms.ActiveCfg = Debug|Any CPU
		{1FE064C5-075E-4987-AA41-067A20D52B70}.Debug|Mixed Platforms.Build.0 = Debug|Any CPU
		{1FE064C5-075E-4987-AA41-067A20D52B70}.Debug|x86.ActiveCfg = Debug|Any CPU
		{1FE064C5-075E-4987-AA41-067A20D52B70}.DebugDSProjection|Any CPU.ActiveCfg = Debug|Any CPU
		{1FE064C5-075E-4987-AA41-067A20D52B70}.DebugDSProjection|Any CPU.Build.0 = Debug|Any CPU
		{1FE064C5-075E-4987-AA41-067A20D52B70}.DebugDSProjection|Mixed Platforms.ActiveCfg = Debug|Any CPU
		{1FE064C5-075E-4987-AA41-067A20D52B70}.DebugDSProjection|Mixed Platforms.Build.0 = Debug|Any CPU
		{1FE064C5-075E-4987-AA41-067A20D52B70}.DebugDSProjection|x86.ActiveCfg = Debug|Any CPU
		{1FE064C5-075E-4987-AA41-067A20D52B70}.Release|Any CPU.ActiveCfg = Release|Any CPU
		{1FE064C5-075E-4987-AA41-067A20D52B70}.Release|Any CPU.Build.0 = Release|Any CPU
		{1FE064C5-075E-4987-AA41-067A20D52B70}.Release|Mixed Platforms.ActiveCfg = Release|Any CPU
		{1FE064C5-075E-4987-AA41-067A20D52B70}.Release|Mixed Platforms.Build.0 = Release|Any CPU
		{1FE064C5-075E-4987-AA41-067A20D52B70}.Release|x86.ActiveCfg = Release|Any CPU
		{1FE064C5-075E-4987-AA41-067A20D52B70}.ReleaseDSProjection|Any CPU.ActiveCfg = Release|Any CPU
		{1FE064C5-075E-4987-AA41-067A20D52B70}.ReleaseDSProjection|Any CPU.Build.0 = Release|Any CPU
		{1FE064C5-075E-4987-AA41-067A20D52B70}.ReleaseDSProjection|Mixed Platforms.ActiveCfg = Release|Any CPU
		{1FE064C5-075E-4987-AA41-067A20D52B70}.ReleaseDSProjection|Mixed Platforms.Build.0 = Release|Any CPU
		{1FE064C5-075E-4987-AA41-067A20D52B70}.ReleaseDSProjection|x86.ActiveCfg = Release|Any CPU
		{6E58DFD7-5154-4AA3-96DF-E562DE00393B}.Debug|Any CPU.ActiveCfg = Debug|Any CPU
		{6E58DFD7-5154-4AA3-96DF-E562DE00393B}.Debug|Any CPU.Build.0 = Debug|Any CPU
		{6E58DFD7-5154-4AA3-96DF-E562DE00393B}.Debug|Mixed Platforms.ActiveCfg = Debug|Any CPU
		{6E58DFD7-5154-4AA3-96DF-E562DE00393B}.Debug|Mixed Platforms.Build.0 = Debug|Any CPU
		{6E58DFD7-5154-4AA3-96DF-E562DE00393B}.Debug|x86.ActiveCfg = Debug|Any CPU
		{6E58DFD7-5154-4AA3-96DF-E562DE00393B}.DebugDSProjection|Any CPU.ActiveCfg = Debug|Any CPU
		{6E58DFD7-5154-4AA3-96DF-E562DE00393B}.DebugDSProjection|Any CPU.Build.0 = Debug|Any CPU
		{6E58DFD7-5154-4AA3-96DF-E562DE00393B}.DebugDSProjection|Mixed Platforms.ActiveCfg = Debug|Any CPU
		{6E58DFD7-5154-4AA3-96DF-E562DE00393B}.DebugDSProjection|Mixed Platforms.Build.0 = Debug|Any CPU
		{6E58DFD7-5154-4AA3-96DF-E562DE00393B}.DebugDSProjection|x86.ActiveCfg = Debug|Any CPU
		{6E58DFD7-5154-4AA3-96DF-E562DE00393B}.Release|Any CPU.ActiveCfg = Release|Any CPU
		{6E58DFD7-5154-4AA3-96DF-E562DE00393B}.Release|Any CPU.Build.0 = Release|Any CPU
		{6E58DFD7-5154-4AA3-96DF-E562DE00393B}.Release|Mixed Platforms.ActiveCfg = Release|Any CPU
		{6E58DFD7-5154-4AA3-96DF-E562DE00393B}.Release|Mixed Platforms.Build.0 = Release|Any CPU
		{6E58DFD7-5154-4AA3-96DF-E562DE00393B}.Release|x86.ActiveCfg = Release|Any CPU
		{6E58DFD7-5154-4AA3-96DF-E562DE00393B}.ReleaseDSProjection|Any CPU.ActiveCfg = Release|Any CPU
		{6E58DFD7-5154-4AA3-96DF-E562DE00393B}.ReleaseDSProjection|Any CPU.Build.0 = Release|Any CPU
		{6E58DFD7-5154-4AA3-96DF-E562DE00393B}.ReleaseDSProjection|Mixed Platforms.ActiveCfg = Release|Any CPU
		{6E58DFD7-5154-4AA3-96DF-E562DE00393B}.ReleaseDSProjection|Mixed Platforms.Build.0 = Release|Any CPU
		{6E58DFD7-5154-4AA3-96DF-E562DE00393B}.ReleaseDSProjection|x86.ActiveCfg = Release|Any CPU
		{C4BB7840-95AC-4FAC-91BA-0E58E0EA9EAB}.Debug|Any CPU.ActiveCfg = Debug|Any CPU
		{C4BB7840-95AC-4FAC-91BA-0E58E0EA9EAB}.Debug|Any CPU.Build.0 = Debug|Any CPU
		{C4BB7840-95AC-4FAC-91BA-0E58E0EA9EAB}.Debug|Mixed Platforms.ActiveCfg = Debug|Any CPU
		{C4BB7840-95AC-4FAC-91BA-0E58E0EA9EAB}.Debug|Mixed Platforms.Build.0 = Debug|Any CPU
		{C4BB7840-95AC-4FAC-91BA-0E58E0EA9EAB}.Debug|x86.ActiveCfg = Debug|Any CPU
		{C4BB7840-95AC-4FAC-91BA-0E58E0EA9EAB}.DebugDSProjection|Any CPU.ActiveCfg = Debug|Any CPU
		{C4BB7840-95AC-4FAC-91BA-0E58E0EA9EAB}.DebugDSProjection|Any CPU.Build.0 = Debug|Any CPU
		{C4BB7840-95AC-4FAC-91BA-0E58E0EA9EAB}.DebugDSProjection|Mixed Platforms.ActiveCfg = Debug|Any CPU
		{C4BB7840-95AC-4FAC-91BA-0E58E0EA9EAB}.DebugDSProjection|Mixed Platforms.Build.0 = Debug|Any CPU
		{C4BB7840-95AC-4FAC-91BA-0E58E0EA9EAB}.DebugDSProjection|x86.ActiveCfg = Debug|Any CPU
		{C4BB7840-95AC-4FAC-91BA-0E58E0EA9EAB}.Release|Any CPU.ActiveCfg = Release|Any CPU
		{C4BB7840-95AC-4FAC-91BA-0E58E0EA9EAB}.Release|Any CPU.Build.0 = Release|Any CPU
		{C4BB7840-95AC-4FAC-91BA-0E58E0EA9EAB}.Release|Mixed Platforms.ActiveCfg = Release|Any CPU
		{C4BB7840-95AC-4FAC-91BA-0E58E0EA9EAB}.Release|Mixed Platforms.Build.0 = Release|Any CPU
		{C4BB7840-95AC-4FAC-91BA-0E58E0EA9EAB}.Release|x86.ActiveCfg = Release|Any CPU
		{C4BB7840-95AC-4FAC-91BA-0E58E0EA9EAB}.ReleaseDSProjection|Any CPU.ActiveCfg = Release|Any CPU
		{C4BB7840-95AC-4FAC-91BA-0E58E0EA9EAB}.ReleaseDSProjection|Any CPU.Build.0 = Release|Any CPU
		{C4BB7840-95AC-4FAC-91BA-0E58E0EA9EAB}.ReleaseDSProjection|Mixed Platforms.ActiveCfg = Release|Any CPU
		{C4BB7840-95AC-4FAC-91BA-0E58E0EA9EAB}.ReleaseDSProjection|Mixed Platforms.Build.0 = Release|Any CPU
		{C4BB7840-95AC-4FAC-91BA-0E58E0EA9EAB}.ReleaseDSProjection|x86.ActiveCfg = Release|Any CPU
		{4F74DC3D-F0A9-45C8-9B71-7376EB72E3F5}.Debug|Any CPU.ActiveCfg = Debug|Any CPU
		{4F74DC3D-F0A9-45C8-9B71-7376EB72E3F5}.Debug|Any CPU.Build.0 = Debug|Any CPU
		{4F74DC3D-F0A9-45C8-9B71-7376EB72E3F5}.Debug|Mixed Platforms.ActiveCfg = Debug|Any CPU
		{4F74DC3D-F0A9-45C8-9B71-7376EB72E3F5}.Debug|Mixed Platforms.Build.0 = Debug|Any CPU
		{4F74DC3D-F0A9-45C8-9B71-7376EB72E3F5}.Debug|x86.ActiveCfg = Debug|Any CPU
		{4F74DC3D-F0A9-45C8-9B71-7376EB72E3F5}.DebugDSProjection|Any CPU.ActiveCfg = Debug|Any CPU
		{4F74DC3D-F0A9-45C8-9B71-7376EB72E3F5}.DebugDSProjection|Any CPU.Build.0 = Debug|Any CPU
		{4F74DC3D-F0A9-45C8-9B71-7376EB72E3F5}.DebugDSProjection|Mixed Platforms.ActiveCfg = Debug|Any CPU
		{4F74DC3D-F0A9-45C8-9B71-7376EB72E3F5}.DebugDSProjection|Mixed Platforms.Build.0 = Debug|Any CPU
		{4F74DC3D-F0A9-45C8-9B71-7376EB72E3F5}.DebugDSProjection|x86.ActiveCfg = Debug|Any CPU
		{4F74DC3D-F0A9-45C8-9B71-7376EB72E3F5}.Release|Any CPU.ActiveCfg = Release|Any CPU
		{4F74DC3D-F0A9-45C8-9B71-7376EB72E3F5}.Release|Any CPU.Build.0 = Release|Any CPU
		{4F74DC3D-F0A9-45C8-9B71-7376EB72E3F5}.Release|Mixed Platforms.ActiveCfg = Release|Any CPU
		{4F74DC3D-F0A9-45C8-9B71-7376EB72E3F5}.Release|Mixed Platforms.Build.0 = Release|Any CPU
		{4F74DC3D-F0A9-45C8-9B71-7376EB72E3F5}.Release|x86.ActiveCfg = Release|Any CPU
		{4F74DC3D-F0A9-45C8-9B71-7376EB72E3F5}.ReleaseDSProjection|Any CPU.ActiveCfg = Release|Any CPU
		{4F74DC3D-F0A9-45C8-9B71-7376EB72E3F5}.ReleaseDSProjection|Any CPU.Build.0 = Release|Any CPU
		{4F74DC3D-F0A9-45C8-9B71-7376EB72E3F5}.ReleaseDSProjection|Mixed Platforms.ActiveCfg = Release|Any CPU
		{4F74DC3D-F0A9-45C8-9B71-7376EB72E3F5}.ReleaseDSProjection|Mixed Platforms.Build.0 = Release|Any CPU
		{4F74DC3D-F0A9-45C8-9B71-7376EB72E3F5}.ReleaseDSProjection|x86.ActiveCfg = Release|Any CPU
		{0EC85366-E560-4E98-A082-0DC596C48CC7}.Debug|Any CPU.ActiveCfg = Debug|Any CPU
		{0EC85366-E560-4E98-A082-0DC596C48CC7}.Debug|Any CPU.Build.0 = Debug|Any CPU
		{0EC85366-E560-4E98-A082-0DC596C48CC7}.Debug|Mixed Platforms.ActiveCfg = Debug|Any CPU
		{0EC85366-E560-4E98-A082-0DC596C48CC7}.Debug|Mixed Platforms.Build.0 = Debug|Any CPU
		{0EC85366-E560-4E98-A082-0DC596C48CC7}.Debug|x86.ActiveCfg = Debug|Any CPU
		{0EC85366-E560-4E98-A082-0DC596C48CC7}.DebugDSProjection|Any CPU.ActiveCfg = Debug|Any CPU
		{0EC85366-E560-4E98-A082-0DC596C48CC7}.DebugDSProjection|Any CPU.Build.0 = Debug|Any CPU
		{0EC85366-E560-4E98-A082-0DC596C48CC7}.DebugDSProjection|Mixed Platforms.ActiveCfg = Debug|Any CPU
		{0EC85366-E560-4E98-A082-0DC596C48CC7}.DebugDSProjection|Mixed Platforms.Build.0 = Debug|Any CPU
		{0EC85366-E560-4E98-A082-0DC596C48CC7}.DebugDSProjection|x86.ActiveCfg = Debug|Any CPU
		{0EC85366-E560-4E98-A082-0DC596C48CC7}.Release|Any CPU.ActiveCfg = Release|Any CPU
		{0EC85366-E560-4E98-A082-0DC596C48CC7}.Release|Any CPU.Build.0 = Release|Any CPU
		{0EC85366-E560-4E98-A082-0DC596C48CC7}.Release|Mixed Platforms.ActiveCfg = Release|Any CPU
		{0EC85366-E560-4E98-A082-0DC596C48CC7}.Release|Mixed Platforms.Build.0 = Release|Any CPU
		{0EC85366-E560-4E98-A082-0DC596C48CC7}.Release|x86.ActiveCfg = Release|Any CPU
		{0EC85366-E560-4E98-A082-0DC596C48CC7}.ReleaseDSProjection|Any CPU.ActiveCfg = Release|Any CPU
		{0EC85366-E560-4E98-A082-0DC596C48CC7}.ReleaseDSProjection|Any CPU.Build.0 = Release|Any CPU
		{0EC85366-E560-4E98-A082-0DC596C48CC7}.ReleaseDSProjection|Mixed Platforms.ActiveCfg = Release|Any CPU
		{0EC85366-E560-4E98-A082-0DC596C48CC7}.ReleaseDSProjection|Mixed Platforms.Build.0 = Release|Any CPU
		{0EC85366-E560-4E98-A082-0DC596C48CC7}.ReleaseDSProjection|x86.ActiveCfg = Release|Any CPU
		{C8EA85D6-F54F-44F5-A7A6-05DFE3AC8B23}.Debug|Any CPU.ActiveCfg = Debug|x86
		{C8EA85D6-F54F-44F5-A7A6-05DFE3AC8B23}.Debug|Mixed Platforms.ActiveCfg = Debug|x86
		{C8EA85D6-F54F-44F5-A7A6-05DFE3AC8B23}.Debug|Mixed Platforms.Build.0 = Debug|x86
		{C8EA85D6-F54F-44F5-A7A6-05DFE3AC8B23}.Debug|x86.ActiveCfg = Debug|x86
		{C8EA85D6-F54F-44F5-A7A6-05DFE3AC8B23}.Debug|x86.Build.0 = Debug|x86
		{C8EA85D6-F54F-44F5-A7A6-05DFE3AC8B23}.DebugDSProjection|Any CPU.ActiveCfg = Debug|x86
		{C8EA85D6-F54F-44F5-A7A6-05DFE3AC8B23}.DebugDSProjection|Mixed Platforms.ActiveCfg = Debug|x86
		{C8EA85D6-F54F-44F5-A7A6-05DFE3AC8B23}.DebugDSProjection|Mixed Platforms.Build.0 = Debug|x86
		{C8EA85D6-F54F-44F5-A7A6-05DFE3AC8B23}.DebugDSProjection|x86.ActiveCfg = Debug|x86
		{C8EA85D6-F54F-44F5-A7A6-05DFE3AC8B23}.DebugDSProjection|x86.Build.0 = Debug|x86
		{C8EA85D6-F54F-44F5-A7A6-05DFE3AC8B23}.Release|Any CPU.ActiveCfg = Release|x86
		{C8EA85D6-F54F-44F5-A7A6-05DFE3AC8B23}.Release|Mixed Platforms.ActiveCfg = Release|x86
		{C8EA85D6-F54F-44F5-A7A6-05DFE3AC8B23}.Release|Mixed Platforms.Build.0 = Release|x86
		{C8EA85D6-F54F-44F5-A7A6-05DFE3AC8B23}.Release|x86.ActiveCfg = Release|x86
		{C8EA85D6-F54F-44F5-A7A6-05DFE3AC8B23}.Release|x86.Build.0 = Release|x86
		{C8EA85D6-F54F-44F5-A7A6-05DFE3AC8B23}.ReleaseDSProjection|Any CPU.ActiveCfg = Release|x86
		{C8EA85D6-F54F-44F5-A7A6-05DFE3AC8B23}.ReleaseDSProjection|Mixed Platforms.ActiveCfg = Release|x86
		{C8EA85D6-F54F-44F5-A7A6-05DFE3AC8B23}.ReleaseDSProjection|Mixed Platforms.Build.0 = Release|x86
		{C8EA85D6-F54F-44F5-A7A6-05DFE3AC8B23}.ReleaseDSProjection|x86.ActiveCfg = Release|x86
		{C8EA85D6-F54F-44F5-A7A6-05DFE3AC8B23}.ReleaseDSProjection|x86.Build.0 = Release|x86
		{99770D1D-27A8-4606-ACC2-CD3E83B4BDEE}.Debug|Any CPU.ActiveCfg = Debug|Any CPU
		{99770D1D-27A8-4606-ACC2-CD3E83B4BDEE}.Debug|Any CPU.Build.0 = Debug|Any CPU
		{99770D1D-27A8-4606-ACC2-CD3E83B4BDEE}.Debug|Mixed Platforms.ActiveCfg = Debug|Any CPU
		{99770D1D-27A8-4606-ACC2-CD3E83B4BDEE}.Debug|Mixed Platforms.Build.0 = Debug|Any CPU
		{99770D1D-27A8-4606-ACC2-CD3E83B4BDEE}.Debug|x86.ActiveCfg = Debug|Any CPU
		{99770D1D-27A8-4606-ACC2-CD3E83B4BDEE}.DebugDSProjection|Any CPU.ActiveCfg = Debug|Any CPU
		{99770D1D-27A8-4606-ACC2-CD3E83B4BDEE}.DebugDSProjection|Any CPU.Build.0 = Debug|Any CPU
		{99770D1D-27A8-4606-ACC2-CD3E83B4BDEE}.DebugDSProjection|Mixed Platforms.ActiveCfg = Debug|Any CPU
		{99770D1D-27A8-4606-ACC2-CD3E83B4BDEE}.DebugDSProjection|Mixed Platforms.Build.0 = Debug|Any CPU
		{99770D1D-27A8-4606-ACC2-CD3E83B4BDEE}.DebugDSProjection|x86.ActiveCfg = Debug|Any CPU
		{99770D1D-27A8-4606-ACC2-CD3E83B4BDEE}.Release|Any CPU.ActiveCfg = Release|Any CPU
		{99770D1D-27A8-4606-ACC2-CD3E83B4BDEE}.Release|Any CPU.Build.0 = Release|Any CPU
		{99770D1D-27A8-4606-ACC2-CD3E83B4BDEE}.Release|Mixed Platforms.ActiveCfg = Release|Any CPU
		{99770D1D-27A8-4606-ACC2-CD3E83B4BDEE}.Release|Mixed Platforms.Build.0 = Release|Any CPU
		{99770D1D-27A8-4606-ACC2-CD3E83B4BDEE}.Release|x86.ActiveCfg = Release|Any CPU
		{99770D1D-27A8-4606-ACC2-CD3E83B4BDEE}.ReleaseDSProjection|Any CPU.ActiveCfg = Release|Any CPU
		{99770D1D-27A8-4606-ACC2-CD3E83B4BDEE}.ReleaseDSProjection|Any CPU.Build.0 = Release|Any CPU
		{99770D1D-27A8-4606-ACC2-CD3E83B4BDEE}.ReleaseDSProjection|Mixed Platforms.ActiveCfg = Release|Any CPU
		{99770D1D-27A8-4606-ACC2-CD3E83B4BDEE}.ReleaseDSProjection|Mixed Platforms.Build.0 = Release|Any CPU
		{99770D1D-27A8-4606-ACC2-CD3E83B4BDEE}.ReleaseDSProjection|x86.ActiveCfg = Release|Any CPU
		{343E857F-77FC-4051-AE5B-82861744CC25}.Debug|Any CPU.ActiveCfg = Debug|Any CPU
		{343E857F-77FC-4051-AE5B-82861744CC25}.Debug|Any CPU.Build.0 = Debug|Any CPU
		{343E857F-77FC-4051-AE5B-82861744CC25}.Debug|Mixed Platforms.ActiveCfg = Debug|Any CPU
		{343E857F-77FC-4051-AE5B-82861744CC25}.Debug|Mixed Platforms.Build.0 = Debug|Any CPU
		{343E857F-77FC-4051-AE5B-82861744CC25}.Debug|x86.ActiveCfg = Debug|Any CPU
		{343E857F-77FC-4051-AE5B-82861744CC25}.DebugDSProjection|Any CPU.ActiveCfg = Debug|Any CPU
		{343E857F-77FC-4051-AE5B-82861744CC25}.DebugDSProjection|Any CPU.Build.0 = Debug|Any CPU
		{343E857F-77FC-4051-AE5B-82861744CC25}.DebugDSProjection|Mixed Platforms.ActiveCfg = Debug|Any CPU
		{343E857F-77FC-4051-AE5B-82861744CC25}.DebugDSProjection|Mixed Platforms.Build.0 = Debug|Any CPU
		{343E857F-77FC-4051-AE5B-82861744CC25}.DebugDSProjection|x86.ActiveCfg = Debug|Any CPU
		{343E857F-77FC-4051-AE5B-82861744CC25}.Release|Any CPU.ActiveCfg = Release|Any CPU
		{343E857F-77FC-4051-AE5B-82861744CC25}.Release|Any CPU.Build.0 = Release|Any CPU
		{343E857F-77FC-4051-AE5B-82861744CC25}.Release|Mixed Platforms.ActiveCfg = Release|Any CPU
		{343E857F-77FC-4051-AE5B-82861744CC25}.Release|Mixed Platforms.Build.0 = Release|Any CPU
		{343E857F-77FC-4051-AE5B-82861744CC25}.Release|x86.ActiveCfg = Release|Any CPU
		{343E857F-77FC-4051-AE5B-82861744CC25}.ReleaseDSProjection|Any CPU.ActiveCfg = Release|Any CPU
		{343E857F-77FC-4051-AE5B-82861744CC25}.ReleaseDSProjection|Any CPU.Build.0 = Release|Any CPU
		{343E857F-77FC-4051-AE5B-82861744CC25}.ReleaseDSProjection|Mixed Platforms.ActiveCfg = Release|Any CPU
		{343E857F-77FC-4051-AE5B-82861744CC25}.ReleaseDSProjection|Mixed Platforms.Build.0 = Release|Any CPU
		{343E857F-77FC-4051-AE5B-82861744CC25}.ReleaseDSProjection|x86.ActiveCfg = Release|Any CPU
		{3347179D-A18F-4474-86CB-C82469768D09}.Debug|Any CPU.ActiveCfg = Debug|Any CPU
		{3347179D-A18F-4474-86CB-C82469768D09}.Debug|Any CPU.Build.0 = Debug|Any CPU
		{3347179D-A18F-4474-86CB-C82469768D09}.Debug|Mixed Platforms.ActiveCfg = Debug|Any CPU
		{3347179D-A18F-4474-86CB-C82469768D09}.Debug|Mixed Platforms.Build.0 = Debug|Any CPU
		{3347179D-A18F-4474-86CB-C82469768D09}.Debug|x86.ActiveCfg = Debug|Any CPU
		{3347179D-A18F-4474-86CB-C82469768D09}.DebugDSProjection|Any CPU.ActiveCfg = Debug|Any CPU
		{3347179D-A18F-4474-86CB-C82469768D09}.DebugDSProjection|Any CPU.Build.0 = Debug|Any CPU
		{3347179D-A18F-4474-86CB-C82469768D09}.DebugDSProjection|Mixed Platforms.ActiveCfg = Debug|Any CPU
		{3347179D-A18F-4474-86CB-C82469768D09}.DebugDSProjection|Mixed Platforms.Build.0 = Debug|Any CPU
		{3347179D-A18F-4474-86CB-C82469768D09}.DebugDSProjection|x86.ActiveCfg = Debug|Any CPU
		{3347179D-A18F-4474-86CB-C82469768D09}.Release|Any CPU.ActiveCfg = Release|Any CPU
		{3347179D-A18F-4474-86CB-C82469768D09}.Release|Any CPU.Build.0 = Release|Any CPU
		{3347179D-A18F-4474-86CB-C82469768D09}.Release|Mixed Platforms.ActiveCfg = Release|Any CPU
		{3347179D-A18F-4474-86CB-C82469768D09}.Release|Mixed Platforms.Build.0 = Release|Any CPU
		{3347179D-A18F-4474-86CB-C82469768D09}.Release|x86.ActiveCfg = Release|Any CPU
		{3347179D-A18F-4474-86CB-C82469768D09}.ReleaseDSProjection|Any CPU.ActiveCfg = Release|Any CPU
		{3347179D-A18F-4474-86CB-C82469768D09}.ReleaseDSProjection|Any CPU.Build.0 = Release|Any CPU
		{3347179D-A18F-4474-86CB-C82469768D09}.ReleaseDSProjection|Mixed Platforms.ActiveCfg = Release|Any CPU
		{3347179D-A18F-4474-86CB-C82469768D09}.ReleaseDSProjection|Mixed Platforms.Build.0 = Release|Any CPU
		{3347179D-A18F-4474-86CB-C82469768D09}.ReleaseDSProjection|x86.ActiveCfg = Release|Any CPU
		{21DFA229-5ABC-4931-BD83-4B3108446765}.Debug|Any CPU.ActiveCfg = Debug|Any CPU
		{21DFA229-5ABC-4931-BD83-4B3108446765}.Debug|Any CPU.Build.0 = Debug|Any CPU
		{21DFA229-5ABC-4931-BD83-4B3108446765}.Debug|Mixed Platforms.ActiveCfg = Debug|Any CPU
		{21DFA229-5ABC-4931-BD83-4B3108446765}.Debug|Mixed Platforms.Build.0 = Debug|Any CPU
		{21DFA229-5ABC-4931-BD83-4B3108446765}.Debug|x86.ActiveCfg = Debug|Any CPU
		{21DFA229-5ABC-4931-BD83-4B3108446765}.DebugDSProjection|Any CPU.ActiveCfg = Debug|Any CPU
		{21DFA229-5ABC-4931-BD83-4B3108446765}.DebugDSProjection|Any CPU.Build.0 = Debug|Any CPU
		{21DFA229-5ABC-4931-BD83-4B3108446765}.DebugDSProjection|Mixed Platforms.ActiveCfg = Debug|Any CPU
		{21DFA229-5ABC-4931-BD83-4B3108446765}.DebugDSProjection|Mixed Platforms.Build.0 = Debug|Any CPU
		{21DFA229-5ABC-4931-BD83-4B3108446765}.DebugDSProjection|x86.ActiveCfg = Debug|Any CPU
		{21DFA229-5ABC-4931-BD83-4B3108446765}.Release|Any CPU.ActiveCfg = Release|Any CPU
		{21DFA229-5ABC-4931-BD83-4B3108446765}.Release|Any CPU.Build.0 = Release|Any CPU
		{21DFA229-5ABC-4931-BD83-4B3108446765}.Release|Mixed Platforms.ActiveCfg = Release|Any CPU
		{21DFA229-5ABC-4931-BD83-4B3108446765}.Release|Mixed Platforms.Build.0 = Release|Any CPU
		{21DFA229-5ABC-4931-BD83-4B3108446765}.Release|x86.ActiveCfg = Release|Any CPU
		{21DFA229-5ABC-4931-BD83-4B3108446765}.ReleaseDSProjection|Any CPU.ActiveCfg = Release|Any CPU
		{21DFA229-5ABC-4931-BD83-4B3108446765}.ReleaseDSProjection|Any CPU.Build.0 = Release|Any CPU
		{21DFA229-5ABC-4931-BD83-4B3108446765}.ReleaseDSProjection|Mixed Platforms.ActiveCfg = Release|Any CPU
		{21DFA229-5ABC-4931-BD83-4B3108446765}.ReleaseDSProjection|Mixed Platforms.Build.0 = Release|Any CPU
		{21DFA229-5ABC-4931-BD83-4B3108446765}.ReleaseDSProjection|x86.ActiveCfg = Release|Any CPU
		{F6F3448E-9985-4397-914F-28BAFC993A25}.Debug|Any CPU.ActiveCfg = Debug|Any CPU
		{F6F3448E-9985-4397-914F-28BAFC993A25}.Debug|Any CPU.Build.0 = Debug|Any CPU
		{F6F3448E-9985-4397-914F-28BAFC993A25}.Debug|Mixed Platforms.ActiveCfg = Debug|Any CPU
		{F6F3448E-9985-4397-914F-28BAFC993A25}.Debug|Mixed Platforms.Build.0 = Debug|Any CPU
		{F6F3448E-9985-4397-914F-28BAFC993A25}.Debug|x86.ActiveCfg = Debug|Any CPU
		{F6F3448E-9985-4397-914F-28BAFC993A25}.DebugDSProjection|Any CPU.ActiveCfg = Debug|Any CPU
		{F6F3448E-9985-4397-914F-28BAFC993A25}.DebugDSProjection|Any CPU.Build.0 = Debug|Any CPU
		{F6F3448E-9985-4397-914F-28BAFC993A25}.DebugDSProjection|Mixed Platforms.ActiveCfg = Debug|Any CPU
		{F6F3448E-9985-4397-914F-28BAFC993A25}.DebugDSProjection|Mixed Platforms.Build.0 = Debug|Any CPU
		{F6F3448E-9985-4397-914F-28BAFC993A25}.DebugDSProjection|x86.ActiveCfg = Debug|Any CPU
		{F6F3448E-9985-4397-914F-28BAFC993A25}.Release|Any CPU.ActiveCfg = Release|Any CPU
		{F6F3448E-9985-4397-914F-28BAFC993A25}.Release|Any CPU.Build.0 = Release|Any CPU
		{F6F3448E-9985-4397-914F-28BAFC993A25}.Release|Mixed Platforms.ActiveCfg = Release|Any CPU
		{F6F3448E-9985-4397-914F-28BAFC993A25}.Release|Mixed Platforms.Build.0 = Release|Any CPU
		{F6F3448E-9985-4397-914F-28BAFC993A25}.Release|x86.ActiveCfg = Release|Any CPU
		{F6F3448E-9985-4397-914F-28BAFC993A25}.ReleaseDSProjection|Any CPU.ActiveCfg = Release|Any CPU
		{F6F3448E-9985-4397-914F-28BAFC993A25}.ReleaseDSProjection|Any CPU.Build.0 = Release|Any CPU
		{F6F3448E-9985-4397-914F-28BAFC993A25}.ReleaseDSProjection|Mixed Platforms.ActiveCfg = Release|Any CPU
		{F6F3448E-9985-4397-914F-28BAFC993A25}.ReleaseDSProjection|Mixed Platforms.Build.0 = Release|Any CPU
		{F6F3448E-9985-4397-914F-28BAFC993A25}.ReleaseDSProjection|x86.ActiveCfg = Release|Any CPU
		{BCEFC4BE-38D2-436B-B5DA-BBFBA3D3A08F}.Debug|Any CPU.ActiveCfg = Debug|Any CPU
		{BCEFC4BE-38D2-436B-B5DA-BBFBA3D3A08F}.Debug|Any CPU.Build.0 = Debug|Any CPU
		{BCEFC4BE-38D2-436B-B5DA-BBFBA3D3A08F}.Debug|Mixed Platforms.ActiveCfg = Debug|Any CPU
		{BCEFC4BE-38D2-436B-B5DA-BBFBA3D3A08F}.Debug|Mixed Platforms.Build.0 = Debug|Any CPU
		{BCEFC4BE-38D2-436B-B5DA-BBFBA3D3A08F}.Debug|x86.ActiveCfg = Debug|Any CPU
		{BCEFC4BE-38D2-436B-B5DA-BBFBA3D3A08F}.DebugDSProjection|Any CPU.ActiveCfg = Debug|Any CPU
		{BCEFC4BE-38D2-436B-B5DA-BBFBA3D3A08F}.DebugDSProjection|Any CPU.Build.0 = Debug|Any CPU
		{BCEFC4BE-38D2-436B-B5DA-BBFBA3D3A08F}.DebugDSProjection|Mixed Platforms.ActiveCfg = Debug|Any CPU
		{BCEFC4BE-38D2-436B-B5DA-BBFBA3D3A08F}.DebugDSProjection|Mixed Platforms.Build.0 = Debug|Any CPU
		{BCEFC4BE-38D2-436B-B5DA-BBFBA3D3A08F}.DebugDSProjection|x86.ActiveCfg = Debug|Any CPU
		{BCEFC4BE-38D2-436B-B5DA-BBFBA3D3A08F}.Release|Any CPU.ActiveCfg = Release|Any CPU
		{BCEFC4BE-38D2-436B-B5DA-BBFBA3D3A08F}.Release|Any CPU.Build.0 = Release|Any CPU
		{BCEFC4BE-38D2-436B-B5DA-BBFBA3D3A08F}.Release|Mixed Platforms.ActiveCfg = Release|Any CPU
		{BCEFC4BE-38D2-436B-B5DA-BBFBA3D3A08F}.Release|Mixed Platforms.Build.0 = Release|Any CPU
		{BCEFC4BE-38D2-436B-B5DA-BBFBA3D3A08F}.Release|x86.ActiveCfg = Release|Any CPU
		{BCEFC4BE-38D2-436B-B5DA-BBFBA3D3A08F}.ReleaseDSProjection|Any CPU.ActiveCfg = Release|Any CPU
		{BCEFC4BE-38D2-436B-B5DA-BBFBA3D3A08F}.ReleaseDSProjection|Any CPU.Build.0 = Release|Any CPU
		{BCEFC4BE-38D2-436B-B5DA-BBFBA3D3A08F}.ReleaseDSProjection|Mixed Platforms.ActiveCfg = Release|Any CPU
		{BCEFC4BE-38D2-436B-B5DA-BBFBA3D3A08F}.ReleaseDSProjection|Mixed Platforms.Build.0 = Release|Any CPU
		{BCEFC4BE-38D2-436B-B5DA-BBFBA3D3A08F}.ReleaseDSProjection|x86.ActiveCfg = Release|Any CPU
		{6E1E0E80-2D2F-4FFD-9701-A02ECA496B55}.Debug|Any CPU.ActiveCfg = Debug|Any CPU
		{6E1E0E80-2D2F-4FFD-9701-A02ECA496B55}.Debug|Any CPU.Build.0 = Debug|Any CPU
		{6E1E0E80-2D2F-4FFD-9701-A02ECA496B55}.Debug|Mixed Platforms.ActiveCfg = Debug|Any CPU
		{6E1E0E80-2D2F-4FFD-9701-A02ECA496B55}.Debug|Mixed Platforms.Build.0 = Debug|Any CPU
		{6E1E0E80-2D2F-4FFD-9701-A02ECA496B55}.Debug|x86.ActiveCfg = Debug|Any CPU
		{6E1E0E80-2D2F-4FFD-9701-A02ECA496B55}.DebugDSProjection|Any CPU.ActiveCfg = Debug|Any CPU
		{6E1E0E80-2D2F-4FFD-9701-A02ECA496B55}.DebugDSProjection|Any CPU.Build.0 = Debug|Any CPU
		{6E1E0E80-2D2F-4FFD-9701-A02ECA496B55}.DebugDSProjection|Mixed Platforms.ActiveCfg = Debug|Any CPU
		{6E1E0E80-2D2F-4FFD-9701-A02ECA496B55}.DebugDSProjection|Mixed Platforms.Build.0 = Debug|Any CPU
		{6E1E0E80-2D2F-4FFD-9701-A02ECA496B55}.DebugDSProjection|x86.ActiveCfg = Debug|Any CPU
		{6E1E0E80-2D2F-4FFD-9701-A02ECA496B55}.Release|Any CPU.ActiveCfg = Release|Any CPU
		{6E1E0E80-2D2F-4FFD-9701-A02ECA496B55}.Release|Any CPU.Build.0 = Release|Any CPU
		{6E1E0E80-2D2F-4FFD-9701-A02ECA496B55}.Release|Mixed Platforms.ActiveCfg = Release|Any CPU
		{6E1E0E80-2D2F-4FFD-9701-A02ECA496B55}.Release|Mixed Platforms.Build.0 = Release|Any CPU
		{6E1E0E80-2D2F-4FFD-9701-A02ECA496B55}.Release|x86.ActiveCfg = Release|Any CPU
		{6E1E0E80-2D2F-4FFD-9701-A02ECA496B55}.ReleaseDSProjection|Any CPU.ActiveCfg = Release|Any CPU
		{6E1E0E80-2D2F-4FFD-9701-A02ECA496B55}.ReleaseDSProjection|Any CPU.Build.0 = Release|Any CPU
		{6E1E0E80-2D2F-4FFD-9701-A02ECA496B55}.ReleaseDSProjection|Mixed Platforms.ActiveCfg = Release|Any CPU
		{6E1E0E80-2D2F-4FFD-9701-A02ECA496B55}.ReleaseDSProjection|Mixed Platforms.Build.0 = Release|Any CPU
		{6E1E0E80-2D2F-4FFD-9701-A02ECA496B55}.ReleaseDSProjection|x86.ActiveCfg = Release|Any CPU
		{E3F69481-2D81-4B0F-AAE3-E36955C78E79}.Debug|Any CPU.ActiveCfg = Debug|Any CPU
		{E3F69481-2D81-4B0F-AAE3-E36955C78E79}.Debug|Any CPU.Build.0 = Debug|Any CPU
		{E3F69481-2D81-4B0F-AAE3-E36955C78E79}.Debug|Mixed Platforms.ActiveCfg = Debug|Any CPU
		{E3F69481-2D81-4B0F-AAE3-E36955C78E79}.Debug|Mixed Platforms.Build.0 = Debug|Any CPU
		{E3F69481-2D81-4B0F-AAE3-E36955C78E79}.Debug|x86.ActiveCfg = Debug|Any CPU
		{E3F69481-2D81-4B0F-AAE3-E36955C78E79}.DebugDSProjection|Any CPU.ActiveCfg = Debug|Any CPU
		{E3F69481-2D81-4B0F-AAE3-E36955C78E79}.DebugDSProjection|Any CPU.Build.0 = Debug|Any CPU
		{E3F69481-2D81-4B0F-AAE3-E36955C78E79}.DebugDSProjection|Mixed Platforms.ActiveCfg = Debug|Any CPU
		{E3F69481-2D81-4B0F-AAE3-E36955C78E79}.DebugDSProjection|Mixed Platforms.Build.0 = Debug|Any CPU
		{E3F69481-2D81-4B0F-AAE3-E36955C78E79}.DebugDSProjection|x86.ActiveCfg = Debug|Any CPU
		{E3F69481-2D81-4B0F-AAE3-E36955C78E79}.Release|Any CPU.ActiveCfg = Release|Any CPU
		{E3F69481-2D81-4B0F-AAE3-E36955C78E79}.Release|Any CPU.Build.0 = Release|Any CPU
		{E3F69481-2D81-4B0F-AAE3-E36955C78E79}.Release|Mixed Platforms.ActiveCfg = Release|Any CPU
		{E3F69481-2D81-4B0F-AAE3-E36955C78E79}.Release|Mixed Platforms.Build.0 = Release|Any CPU
		{E3F69481-2D81-4B0F-AAE3-E36955C78E79}.Release|x86.ActiveCfg = Release|Any CPU
		{E3F69481-2D81-4B0F-AAE3-E36955C78E79}.ReleaseDSProjection|Any CPU.ActiveCfg = Release|Any CPU
		{E3F69481-2D81-4B0F-AAE3-E36955C78E79}.ReleaseDSProjection|Any CPU.Build.0 = Release|Any CPU
		{E3F69481-2D81-4B0F-AAE3-E36955C78E79}.ReleaseDSProjection|Mixed Platforms.ActiveCfg = Release|Any CPU
		{E3F69481-2D81-4B0F-AAE3-E36955C78E79}.ReleaseDSProjection|Mixed Platforms.Build.0 = Release|Any CPU
		{E3F69481-2D81-4B0F-AAE3-E36955C78E79}.ReleaseDSProjection|x86.ActiveCfg = Release|Any CPU
		{8BE1A73B-7B87-4A21-9980-E179560DF3A1}.Debug|Any CPU.ActiveCfg = Debug|Any CPU
		{8BE1A73B-7B87-4A21-9980-E179560DF3A1}.Debug|Any CPU.Build.0 = Debug|Any CPU
		{8BE1A73B-7B87-4A21-9980-E179560DF3A1}.Debug|Mixed Platforms.ActiveCfg = Debug|Any CPU
		{8BE1A73B-7B87-4A21-9980-E179560DF3A1}.Debug|Mixed Platforms.Build.0 = Debug|Any CPU
		{8BE1A73B-7B87-4A21-9980-E179560DF3A1}.Debug|x86.ActiveCfg = Debug|Any CPU
		{8BE1A73B-7B87-4A21-9980-E179560DF3A1}.DebugDSProjection|Any CPU.ActiveCfg = Debug|Any CPU
		{8BE1A73B-7B87-4A21-9980-E179560DF3A1}.DebugDSProjection|Any CPU.Build.0 = Debug|Any CPU
		{8BE1A73B-7B87-4A21-9980-E179560DF3A1}.DebugDSProjection|Mixed Platforms.ActiveCfg = Debug|Any CPU
		{8BE1A73B-7B87-4A21-9980-E179560DF3A1}.DebugDSProjection|Mixed Platforms.Build.0 = Debug|Any CPU
		{8BE1A73B-7B87-4A21-9980-E179560DF3A1}.DebugDSProjection|x86.ActiveCfg = Debug|Any CPU
		{8BE1A73B-7B87-4A21-9980-E179560DF3A1}.Release|Any CPU.ActiveCfg = Release|Any CPU
		{8BE1A73B-7B87-4A21-9980-E179560DF3A1}.Release|Any CPU.Build.0 = Release|Any CPU
		{8BE1A73B-7B87-4A21-9980-E179560DF3A1}.Release|Mixed Platforms.ActiveCfg = Release|Any CPU
		{8BE1A73B-7B87-4A21-9980-E179560DF3A1}.Release|Mixed Platforms.Build.0 = Release|Any CPU
		{8BE1A73B-7B87-4A21-9980-E179560DF3A1}.Release|x86.ActiveCfg = Release|Any CPU
		{8BE1A73B-7B87-4A21-9980-E179560DF3A1}.ReleaseDSProjection|Any CPU.ActiveCfg = Release|Any CPU
		{8BE1A73B-7B87-4A21-9980-E179560DF3A1}.ReleaseDSProjection|Any CPU.Build.0 = Release|Any CPU
		{8BE1A73B-7B87-4A21-9980-E179560DF3A1}.ReleaseDSProjection|Mixed Platforms.ActiveCfg = Release|Any CPU
		{8BE1A73B-7B87-4A21-9980-E179560DF3A1}.ReleaseDSProjection|Mixed Platforms.Build.0 = Release|Any CPU
		{8BE1A73B-7B87-4A21-9980-E179560DF3A1}.ReleaseDSProjection|x86.ActiveCfg = Release|Any CPU
		{E7EBFC24-D5B5-4775-8422-FCCBA03E16F9}.Debug|Any CPU.ActiveCfg = Debug|Any CPU
		{E7EBFC24-D5B5-4775-8422-FCCBA03E16F9}.Debug|Any CPU.Build.0 = Debug|Any CPU
		{E7EBFC24-D5B5-4775-8422-FCCBA03E16F9}.Debug|Mixed Platforms.ActiveCfg = Debug|Any CPU
		{E7EBFC24-D5B5-4775-8422-FCCBA03E16F9}.Debug|Mixed Platforms.Build.0 = Debug|Any CPU
		{E7EBFC24-D5B5-4775-8422-FCCBA03E16F9}.Debug|x86.ActiveCfg = Debug|Any CPU
		{E7EBFC24-D5B5-4775-8422-FCCBA03E16F9}.DebugDSProjection|Any CPU.ActiveCfg = Debug|Any CPU
		{E7EBFC24-D5B5-4775-8422-FCCBA03E16F9}.DebugDSProjection|Any CPU.Build.0 = Debug|Any CPU
		{E7EBFC24-D5B5-4775-8422-FCCBA03E16F9}.DebugDSProjection|Mixed Platforms.ActiveCfg = Debug|Any CPU
		{E7EBFC24-D5B5-4775-8422-FCCBA03E16F9}.DebugDSProjection|Mixed Platforms.Build.0 = Debug|Any CPU
		{E7EBFC24-D5B5-4775-8422-FCCBA03E16F9}.DebugDSProjection|x86.ActiveCfg = Debug|Any CPU
		{E7EBFC24-D5B5-4775-8422-FCCBA03E16F9}.Release|Any CPU.ActiveCfg = Release|Any CPU
		{E7EBFC24-D5B5-4775-8422-FCCBA03E16F9}.Release|Any CPU.Build.0 = Release|Any CPU
		{E7EBFC24-D5B5-4775-8422-FCCBA03E16F9}.Release|Mixed Platforms.ActiveCfg = Release|Any CPU
		{E7EBFC24-D5B5-4775-8422-FCCBA03E16F9}.Release|Mixed Platforms.Build.0 = Release|Any CPU
		{E7EBFC24-D5B5-4775-8422-FCCBA03E16F9}.Release|x86.ActiveCfg = Release|Any CPU
		{E7EBFC24-D5B5-4775-8422-FCCBA03E16F9}.ReleaseDSProjection|Any CPU.ActiveCfg = Release|Any CPU
		{E7EBFC24-D5B5-4775-8422-FCCBA03E16F9}.ReleaseDSProjection|Any CPU.Build.0 = Release|Any CPU
		{E7EBFC24-D5B5-4775-8422-FCCBA03E16F9}.ReleaseDSProjection|Mixed Platforms.ActiveCfg = Release|Any CPU
		{E7EBFC24-D5B5-4775-8422-FCCBA03E16F9}.ReleaseDSProjection|Mixed Platforms.Build.0 = Release|Any CPU
		{E7EBFC24-D5B5-4775-8422-FCCBA03E16F9}.ReleaseDSProjection|x86.ActiveCfg = Release|Any CPU
		{9794D511-45C9-4254-BC36-FA456CE60E71}.Debug|Any CPU.ActiveCfg = Debug|x86
		{9794D511-45C9-4254-BC36-FA456CE60E71}.Debug|Mixed Platforms.ActiveCfg = Debug|x86
		{9794D511-45C9-4254-BC36-FA456CE60E71}.Debug|Mixed Platforms.Build.0 = Debug|x86
		{9794D511-45C9-4254-BC36-FA456CE60E71}.Debug|x86.ActiveCfg = Debug|x86
		{9794D511-45C9-4254-BC36-FA456CE60E71}.Debug|x86.Build.0 = Debug|x86
		{9794D511-45C9-4254-BC36-FA456CE60E71}.DebugDSProjection|Any CPU.ActiveCfg = Debug|x86
		{9794D511-45C9-4254-BC36-FA456CE60E71}.DebugDSProjection|Mixed Platforms.ActiveCfg = Debug|x86
		{9794D511-45C9-4254-BC36-FA456CE60E71}.DebugDSProjection|Mixed Platforms.Build.0 = Debug|x86
		{9794D511-45C9-4254-BC36-FA456CE60E71}.DebugDSProjection|x86.ActiveCfg = Debug|x86
		{9794D511-45C9-4254-BC36-FA456CE60E71}.DebugDSProjection|x86.Build.0 = Debug|x86
		{9794D511-45C9-4254-BC36-FA456CE60E71}.Release|Any CPU.ActiveCfg = Release|x86
		{9794D511-45C9-4254-BC36-FA456CE60E71}.Release|Mixed Platforms.ActiveCfg = Release|x86
		{9794D511-45C9-4254-BC36-FA456CE60E71}.Release|Mixed Platforms.Build.0 = Release|x86
		{9794D511-45C9-4254-BC36-FA456CE60E71}.Release|x86.ActiveCfg = Release|x86
		{9794D511-45C9-4254-BC36-FA456CE60E71}.Release|x86.Build.0 = Release|x86
		{9794D511-45C9-4254-BC36-FA456CE60E71}.ReleaseDSProjection|Any CPU.ActiveCfg = Release|x86
		{9794D511-45C9-4254-BC36-FA456CE60E71}.ReleaseDSProjection|Mixed Platforms.ActiveCfg = Release|x86
		{9794D511-45C9-4254-BC36-FA456CE60E71}.ReleaseDSProjection|Mixed Platforms.Build.0 = Release|x86
		{9794D511-45C9-4254-BC36-FA456CE60E71}.ReleaseDSProjection|x86.ActiveCfg = Release|x86
		{9794D511-45C9-4254-BC36-FA456CE60E71}.ReleaseDSProjection|x86.Build.0 = Release|x86
		{75C36BC9-DE34-4D10-9940-1D006AC502F7}.Debug|Any CPU.ActiveCfg = Debug|Any CPU
		{75C36BC9-DE34-4D10-9940-1D006AC502F7}.Debug|Any CPU.Build.0 = Debug|Any CPU
		{75C36BC9-DE34-4D10-9940-1D006AC502F7}.Debug|Mixed Platforms.ActiveCfg = Debug|Any CPU
		{75C36BC9-DE34-4D10-9940-1D006AC502F7}.Debug|Mixed Platforms.Build.0 = Debug|Any CPU
		{75C36BC9-DE34-4D10-9940-1D006AC502F7}.Debug|x86.ActiveCfg = Debug|Any CPU
		{75C36BC9-DE34-4D10-9940-1D006AC502F7}.DebugDSProjection|Any CPU.ActiveCfg = Debug|Any CPU
		{75C36BC9-DE34-4D10-9940-1D006AC502F7}.DebugDSProjection|Any CPU.Build.0 = Debug|Any CPU
		{75C36BC9-DE34-4D10-9940-1D006AC502F7}.DebugDSProjection|Mixed Platforms.ActiveCfg = Debug|Any CPU
		{75C36BC9-DE34-4D10-9940-1D006AC502F7}.DebugDSProjection|Mixed Platforms.Build.0 = Debug|Any CPU
		{75C36BC9-DE34-4D10-9940-1D006AC502F7}.DebugDSProjection|x86.ActiveCfg = Debug|Any CPU
		{75C36BC9-DE34-4D10-9940-1D006AC502F7}.Release|Any CPU.ActiveCfg = Release|Any CPU
		{75C36BC9-DE34-4D10-9940-1D006AC502F7}.Release|Any CPU.Build.0 = Release|Any CPU
		{75C36BC9-DE34-4D10-9940-1D006AC502F7}.Release|Mixed Platforms.ActiveCfg = Release|Any CPU
		{75C36BC9-DE34-4D10-9940-1D006AC502F7}.Release|Mixed Platforms.Build.0 = Release|Any CPU
		{75C36BC9-DE34-4D10-9940-1D006AC502F7}.Release|x86.ActiveCfg = Release|Any CPU
		{75C36BC9-DE34-4D10-9940-1D006AC502F7}.ReleaseDSProjection|Any CPU.ActiveCfg = Release|Any CPU
		{75C36BC9-DE34-4D10-9940-1D006AC502F7}.ReleaseDSProjection|Any CPU.Build.0 = Release|Any CPU
		{75C36BC9-DE34-4D10-9940-1D006AC502F7}.ReleaseDSProjection|Mixed Platforms.ActiveCfg = Release|Any CPU
		{75C36BC9-DE34-4D10-9940-1D006AC502F7}.ReleaseDSProjection|Mixed Platforms.Build.0 = Release|Any CPU
		{75C36BC9-DE34-4D10-9940-1D006AC502F7}.ReleaseDSProjection|x86.ActiveCfg = Release|Any CPU
		{A2F35277-80B7-4BB6-840F-F082DA5CE0B7}.Debug|Any CPU.ActiveCfg = Debug|Any CPU
		{A2F35277-80B7-4BB6-840F-F082DA5CE0B7}.Debug|Any CPU.Build.0 = Debug|Any CPU
		{A2F35277-80B7-4BB6-840F-F082DA5CE0B7}.Debug|Mixed Platforms.ActiveCfg = Debug|Any CPU
		{A2F35277-80B7-4BB6-840F-F082DA5CE0B7}.Debug|Mixed Platforms.Build.0 = Debug|Any CPU
		{A2F35277-80B7-4BB6-840F-F082DA5CE0B7}.Debug|x86.ActiveCfg = Debug|Any CPU
		{A2F35277-80B7-4BB6-840F-F082DA5CE0B7}.DebugDSProjection|Any CPU.ActiveCfg = Debug|Any CPU
		{A2F35277-80B7-4BB6-840F-F082DA5CE0B7}.DebugDSProjection|Any CPU.Build.0 = Debug|Any CPU
		{A2F35277-80B7-4BB6-840F-F082DA5CE0B7}.DebugDSProjection|Mixed Platforms.ActiveCfg = Debug|Any CPU
		{A2F35277-80B7-4BB6-840F-F082DA5CE0B7}.DebugDSProjection|Mixed Platforms.Build.0 = Debug|Any CPU
		{A2F35277-80B7-4BB6-840F-F082DA5CE0B7}.DebugDSProjection|x86.ActiveCfg = Debug|Any CPU
		{A2F35277-80B7-4BB6-840F-F082DA5CE0B7}.Release|Any CPU.ActiveCfg = Release|Any CPU
		{A2F35277-80B7-4BB6-840F-F082DA5CE0B7}.Release|Any CPU.Build.0 = Release|Any CPU
		{A2F35277-80B7-4BB6-840F-F082DA5CE0B7}.Release|Mixed Platforms.ActiveCfg = Release|Any CPU
		{A2F35277-80B7-4BB6-840F-F082DA5CE0B7}.Release|Mixed Platforms.Build.0 = Release|Any CPU
		{A2F35277-80B7-4BB6-840F-F082DA5CE0B7}.Release|x86.ActiveCfg = Release|Any CPU
		{A2F35277-80B7-4BB6-840F-F082DA5CE0B7}.ReleaseDSProjection|Any CPU.ActiveCfg = Release|Any CPU
		{A2F35277-80B7-4BB6-840F-F082DA5CE0B7}.ReleaseDSProjection|Any CPU.Build.0 = Release|Any CPU
		{A2F35277-80B7-4BB6-840F-F082DA5CE0B7}.ReleaseDSProjection|Mixed Platforms.ActiveCfg = Release|Any CPU
		{A2F35277-80B7-4BB6-840F-F082DA5CE0B7}.ReleaseDSProjection|Mixed Platforms.Build.0 = Release|Any CPU
		{A2F35277-80B7-4BB6-840F-F082DA5CE0B7}.ReleaseDSProjection|x86.ActiveCfg = Release|Any CPU
		{D211F14A-2491-47B6-AAEA-EC991B67C1EC}.Debug|Any CPU.ActiveCfg = Debug|Any CPU
		{D211F14A-2491-47B6-AAEA-EC991B67C1EC}.Debug|Any CPU.Build.0 = Debug|Any CPU
		{D211F14A-2491-47B6-AAEA-EC991B67C1EC}.Debug|Mixed Platforms.ActiveCfg = Debug|Any CPU
		{D211F14A-2491-47B6-AAEA-EC991B67C1EC}.Debug|Mixed Platforms.Build.0 = Debug|Any CPU
		{D211F14A-2491-47B6-AAEA-EC991B67C1EC}.Debug|x86.ActiveCfg = Debug|Any CPU
		{D211F14A-2491-47B6-AAEA-EC991B67C1EC}.DebugDSProjection|Any CPU.ActiveCfg = Debug|Any CPU
		{D211F14A-2491-47B6-AAEA-EC991B67C1EC}.DebugDSProjection|Any CPU.Build.0 = Debug|Any CPU
		{D211F14A-2491-47B6-AAEA-EC991B67C1EC}.DebugDSProjection|Mixed Platforms.ActiveCfg = Debug|Any CPU
		{D211F14A-2491-47B6-AAEA-EC991B67C1EC}.DebugDSProjection|Mixed Platforms.Build.0 = Debug|Any CPU
		{D211F14A-2491-47B6-AAEA-EC991B67C1EC}.DebugDSProjection|x86.ActiveCfg = Debug|Any CPU
		{D211F14A-2491-47B6-AAEA-EC991B67C1EC}.Release|Any CPU.ActiveCfg = Release|Any CPU
		{D211F14A-2491-47B6-AAEA-EC991B67C1EC}.Release|Any CPU.Build.0 = Release|Any CPU
		{D211F14A-2491-47B6-AAEA-EC991B67C1EC}.Release|Mixed Platforms.ActiveCfg = Release|Any CPU
		{D211F14A-2491-47B6-AAEA-EC991B67C1EC}.Release|Mixed Platforms.Build.0 = Release|Any CPU
		{D211F14A-2491-47B6-AAEA-EC991B67C1EC}.Release|x86.ActiveCfg = Release|Any CPU
		{D211F14A-2491-47B6-AAEA-EC991B67C1EC}.ReleaseDSProjection|Any CPU.ActiveCfg = Release|Any CPU
		{D211F14A-2491-47B6-AAEA-EC991B67C1EC}.ReleaseDSProjection|Any CPU.Build.0 = Release|Any CPU
		{D211F14A-2491-47B6-AAEA-EC991B67C1EC}.ReleaseDSProjection|Mixed Platforms.ActiveCfg = Release|Any CPU
		{D211F14A-2491-47B6-AAEA-EC991B67C1EC}.ReleaseDSProjection|Mixed Platforms.Build.0 = Release|Any CPU
		{D211F14A-2491-47B6-AAEA-EC991B67C1EC}.ReleaseDSProjection|x86.ActiveCfg = Release|Any CPU
		{19D7AC2E-7984-4962-ACFB-A8D373559907}.Debug|Any CPU.ActiveCfg = Debug|Any CPU
		{19D7AC2E-7984-4962-ACFB-A8D373559907}.Debug|Any CPU.Build.0 = Debug|Any CPU
		{19D7AC2E-7984-4962-ACFB-A8D373559907}.Debug|Mixed Platforms.ActiveCfg = Debug|Any CPU
		{19D7AC2E-7984-4962-ACFB-A8D373559907}.Debug|Mixed Platforms.Build.0 = Debug|Any CPU
		{19D7AC2E-7984-4962-ACFB-A8D373559907}.Debug|x86.ActiveCfg = Debug|Any CPU
		{19D7AC2E-7984-4962-ACFB-A8D373559907}.DebugDSProjection|Any CPU.ActiveCfg = Debug|Any CPU
		{19D7AC2E-7984-4962-ACFB-A8D373559907}.DebugDSProjection|Any CPU.Build.0 = Debug|Any CPU
		{19D7AC2E-7984-4962-ACFB-A8D373559907}.DebugDSProjection|Mixed Platforms.ActiveCfg = Debug|Any CPU
		{19D7AC2E-7984-4962-ACFB-A8D373559907}.DebugDSProjection|Mixed Platforms.Build.0 = Debug|Any CPU
		{19D7AC2E-7984-4962-ACFB-A8D373559907}.DebugDSProjection|x86.ActiveCfg = Debug|Any CPU
		{19D7AC2E-7984-4962-ACFB-A8D373559907}.Release|Any CPU.ActiveCfg = Release|Any CPU
		{19D7AC2E-7984-4962-ACFB-A8D373559907}.Release|Any CPU.Build.0 = Release|Any CPU
		{19D7AC2E-7984-4962-ACFB-A8D373559907}.Release|Mixed Platforms.ActiveCfg = Release|Any CPU
		{19D7AC2E-7984-4962-ACFB-A8D373559907}.Release|Mixed Platforms.Build.0 = Release|Any CPU
		{19D7AC2E-7984-4962-ACFB-A8D373559907}.Release|x86.ActiveCfg = Release|Any CPU
		{19D7AC2E-7984-4962-ACFB-A8D373559907}.ReleaseDSProjection|Any CPU.ActiveCfg = Release|Any CPU
		{19D7AC2E-7984-4962-ACFB-A8D373559907}.ReleaseDSProjection|Any CPU.Build.0 = Release|Any CPU
		{19D7AC2E-7984-4962-ACFB-A8D373559907}.ReleaseDSProjection|Mixed Platforms.ActiveCfg = Release|Any CPU
		{19D7AC2E-7984-4962-ACFB-A8D373559907}.ReleaseDSProjection|Mixed Platforms.Build.0 = Release|Any CPU
		{19D7AC2E-7984-4962-ACFB-A8D373559907}.ReleaseDSProjection|x86.ActiveCfg = Release|Any CPU
		{D4DFBBFC-21B7-4249-9286-8B7420109E50}.Debug|Any CPU.ActiveCfg = Debug|x86
		{D4DFBBFC-21B7-4249-9286-8B7420109E50}.Debug|Mixed Platforms.ActiveCfg = Debug|x86
		{D4DFBBFC-21B7-4249-9286-8B7420109E50}.Debug|Mixed Platforms.Build.0 = Debug|x86
		{D4DFBBFC-21B7-4249-9286-8B7420109E50}.Debug|x86.ActiveCfg = Debug|x86
		{D4DFBBFC-21B7-4249-9286-8B7420109E50}.Debug|x86.Build.0 = Debug|x86
		{D4DFBBFC-21B7-4249-9286-8B7420109E50}.DebugDSProjection|Any CPU.ActiveCfg = Debug|x86
		{D4DFBBFC-21B7-4249-9286-8B7420109E50}.DebugDSProjection|Mixed Platforms.ActiveCfg = Debug|x86
		{D4DFBBFC-21B7-4249-9286-8B7420109E50}.DebugDSProjection|Mixed Platforms.Build.0 = Debug|x86
		{D4DFBBFC-21B7-4249-9286-8B7420109E50}.DebugDSProjection|x86.ActiveCfg = Debug|x86
		{D4DFBBFC-21B7-4249-9286-8B7420109E50}.DebugDSProjection|x86.Build.0 = Debug|x86
		{D4DFBBFC-21B7-4249-9286-8B7420109E50}.Release|Any CPU.ActiveCfg = Release|x86
		{D4DFBBFC-21B7-4249-9286-8B7420109E50}.Release|Mixed Platforms.ActiveCfg = Release|x86
		{D4DFBBFC-21B7-4249-9286-8B7420109E50}.Release|Mixed Platforms.Build.0 = Release|x86
		{D4DFBBFC-21B7-4249-9286-8B7420109E50}.Release|x86.ActiveCfg = Release|x86
		{D4DFBBFC-21B7-4249-9286-8B7420109E50}.Release|x86.Build.0 = Release|x86
		{D4DFBBFC-21B7-4249-9286-8B7420109E50}.ReleaseDSProjection|Any CPU.ActiveCfg = Release|x86
		{D4DFBBFC-21B7-4249-9286-8B7420109E50}.ReleaseDSProjection|Mixed Platforms.ActiveCfg = Release|x86
		{D4DFBBFC-21B7-4249-9286-8B7420109E50}.ReleaseDSProjection|Mixed Platforms.Build.0 = Release|x86
		{D4DFBBFC-21B7-4249-9286-8B7420109E50}.ReleaseDSProjection|x86.ActiveCfg = Release|x86
		{D4DFBBFC-21B7-4249-9286-8B7420109E50}.ReleaseDSProjection|x86.Build.0 = Release|x86
		{6132BDC5-102C-43E1-8960-64DBD4B3657A}.Debug|Any CPU.ActiveCfg = Debug|Any CPU
		{6132BDC5-102C-43E1-8960-64DBD4B3657A}.Debug|Any CPU.Build.0 = Debug|Any CPU
		{6132BDC5-102C-43E1-8960-64DBD4B3657A}.Debug|Mixed Platforms.ActiveCfg = Debug|Any CPU
		{6132BDC5-102C-43E1-8960-64DBD4B3657A}.Debug|Mixed Platforms.Build.0 = Debug|Any CPU
		{6132BDC5-102C-43E1-8960-64DBD4B3657A}.Debug|x86.ActiveCfg = Debug|Any CPU
		{6132BDC5-102C-43E1-8960-64DBD4B3657A}.DebugDSProjection|Any CPU.ActiveCfg = Debug|Any CPU
		{6132BDC5-102C-43E1-8960-64DBD4B3657A}.DebugDSProjection|Any CPU.Build.0 = Debug|Any CPU
		{6132BDC5-102C-43E1-8960-64DBD4B3657A}.DebugDSProjection|Mixed Platforms.ActiveCfg = Debug|Any CPU
		{6132BDC5-102C-43E1-8960-64DBD4B3657A}.DebugDSProjection|Mixed Platforms.Build.0 = Debug|Any CPU
		{6132BDC5-102C-43E1-8960-64DBD4B3657A}.DebugDSProjection|x86.ActiveCfg = Debug|Any CPU
		{6132BDC5-102C-43E1-8960-64DBD4B3657A}.Release|Any CPU.ActiveCfg = Release|Any CPU
		{6132BDC5-102C-43E1-8960-64DBD4B3657A}.Release|Any CPU.Build.0 = Release|Any CPU
		{6132BDC5-102C-43E1-8960-64DBD4B3657A}.Release|Mixed Platforms.ActiveCfg = Release|Any CPU
		{6132BDC5-102C-43E1-8960-64DBD4B3657A}.Release|Mixed Platforms.Build.0 = Release|Any CPU
		{6132BDC5-102C-43E1-8960-64DBD4B3657A}.Release|x86.ActiveCfg = Release|Any CPU
		{6132BDC5-102C-43E1-8960-64DBD4B3657A}.ReleaseDSProjection|Any CPU.ActiveCfg = Release|Any CPU
		{6132BDC5-102C-43E1-8960-64DBD4B3657A}.ReleaseDSProjection|Any CPU.Build.0 = Release|Any CPU
		{6132BDC5-102C-43E1-8960-64DBD4B3657A}.ReleaseDSProjection|Mixed Platforms.ActiveCfg = Release|Any CPU
		{6132BDC5-102C-43E1-8960-64DBD4B3657A}.ReleaseDSProjection|Mixed Platforms.Build.0 = Release|Any CPU
		{6132BDC5-102C-43E1-8960-64DBD4B3657A}.ReleaseDSProjection|x86.ActiveCfg = Release|Any CPU
		{3FFCF0B9-F271-48FA-AE0C-94D226570FD4}.Debug|Any CPU.ActiveCfg = Debug|Any CPU
		{3FFCF0B9-F271-48FA-AE0C-94D226570FD4}.Debug|Any CPU.Build.0 = Debug|Any CPU
		{3FFCF0B9-F271-48FA-AE0C-94D226570FD4}.Debug|Mixed Platforms.ActiveCfg = Debug|Any CPU
		{3FFCF0B9-F271-48FA-AE0C-94D226570FD4}.Debug|Mixed Platforms.Build.0 = Debug|Any CPU
		{3FFCF0B9-F271-48FA-AE0C-94D226570FD4}.Debug|x86.ActiveCfg = Debug|Any CPU
		{3FFCF0B9-F271-48FA-AE0C-94D226570FD4}.DebugDSProjection|Any CPU.ActiveCfg = Debug|Any CPU
		{3FFCF0B9-F271-48FA-AE0C-94D226570FD4}.DebugDSProjection|Any CPU.Build.0 = Debug|Any CPU
		{3FFCF0B9-F271-48FA-AE0C-94D226570FD4}.DebugDSProjection|Mixed Platforms.ActiveCfg = Debug|Any CPU
		{3FFCF0B9-F271-48FA-AE0C-94D226570FD4}.DebugDSProjection|Mixed Platforms.Build.0 = Debug|Any CPU
		{3FFCF0B9-F271-48FA-AE0C-94D226570FD4}.DebugDSProjection|x86.ActiveCfg = Debug|Any CPU
		{3FFCF0B9-F271-48FA-AE0C-94D226570FD4}.Release|Any CPU.ActiveCfg = Release|Any CPU
		{3FFCF0B9-F271-48FA-AE0C-94D226570FD4}.Release|Any CPU.Build.0 = Release|Any CPU
		{3FFCF0B9-F271-48FA-AE0C-94D226570FD4}.Release|Mixed Platforms.ActiveCfg = Release|Any CPU
		{3FFCF0B9-F271-48FA-AE0C-94D226570FD4}.Release|Mixed Platforms.Build.0 = Release|Any CPU
		{3FFCF0B9-F271-48FA-AE0C-94D226570FD4}.Release|x86.ActiveCfg = Release|Any CPU
		{3FFCF0B9-F271-48FA-AE0C-94D226570FD4}.ReleaseDSProjection|Any CPU.ActiveCfg = Release|Any CPU
		{3FFCF0B9-F271-48FA-AE0C-94D226570FD4}.ReleaseDSProjection|Any CPU.Build.0 = Release|Any CPU
		{3FFCF0B9-F271-48FA-AE0C-94D226570FD4}.ReleaseDSProjection|Mixed Platforms.ActiveCfg = Release|Any CPU
		{3FFCF0B9-F271-48FA-AE0C-94D226570FD4}.ReleaseDSProjection|Mixed Platforms.Build.0 = Release|Any CPU
		{3FFCF0B9-F271-48FA-AE0C-94D226570FD4}.ReleaseDSProjection|x86.ActiveCfg = Release|Any CPU
		{CF6C50C4-E95D-4537-A6C4-C8431D07D2C7}.Debug|Any CPU.ActiveCfg = Debug|Any CPU
		{CF6C50C4-E95D-4537-A6C4-C8431D07D2C7}.Debug|Any CPU.Build.0 = Debug|Any CPU
		{CF6C50C4-E95D-4537-A6C4-C8431D07D2C7}.Debug|Mixed Platforms.ActiveCfg = Debug|Any CPU
		{CF6C50C4-E95D-4537-A6C4-C8431D07D2C7}.Debug|Mixed Platforms.Build.0 = Debug|Any CPU
		{CF6C50C4-E95D-4537-A6C4-C8431D07D2C7}.Debug|x86.ActiveCfg = Debug|Any CPU
		{CF6C50C4-E95D-4537-A6C4-C8431D07D2C7}.Debug|x86.Build.0 = Debug|Any CPU
		{CF6C50C4-E95D-4537-A6C4-C8431D07D2C7}.DebugDSProjection|Any CPU.ActiveCfg = Debug|Any CPU
		{CF6C50C4-E95D-4537-A6C4-C8431D07D2C7}.DebugDSProjection|Any CPU.Build.0 = Debug|Any CPU
		{CF6C50C4-E95D-4537-A6C4-C8431D07D2C7}.DebugDSProjection|Mixed Platforms.ActiveCfg = Debug|Any CPU
		{CF6C50C4-E95D-4537-A6C4-C8431D07D2C7}.DebugDSProjection|Mixed Platforms.Build.0 = Debug|Any CPU
		{CF6C50C4-E95D-4537-A6C4-C8431D07D2C7}.DebugDSProjection|x86.ActiveCfg = Debug|Any CPU
		{CF6C50C4-E95D-4537-A6C4-C8431D07D2C7}.DebugDSProjection|x86.Build.0 = Debug|Any CPU
		{CF6C50C4-E95D-4537-A6C4-C8431D07D2C7}.Release|Any CPU.ActiveCfg = Release|Any CPU
		{CF6C50C4-E95D-4537-A6C4-C8431D07D2C7}.Release|Any CPU.Build.0 = Release|Any CPU
		{CF6C50C4-E95D-4537-A6C4-C8431D07D2C7}.Release|Mixed Platforms.ActiveCfg = Release|Any CPU
		{CF6C50C4-E95D-4537-A6C4-C8431D07D2C7}.Release|Mixed Platforms.Build.0 = Release|Any CPU
		{CF6C50C4-E95D-4537-A6C4-C8431D07D2C7}.Release|x86.ActiveCfg = Release|Any CPU
		{CF6C50C4-E95D-4537-A6C4-C8431D07D2C7}.Release|x86.Build.0 = Release|Any CPU
		{CF6C50C4-E95D-4537-A6C4-C8431D07D2C7}.ReleaseDSProjection|Any CPU.ActiveCfg = Release|Any CPU
		{CF6C50C4-E95D-4537-A6C4-C8431D07D2C7}.ReleaseDSProjection|Any CPU.Build.0 = Release|Any CPU
		{CF6C50C4-E95D-4537-A6C4-C8431D07D2C7}.ReleaseDSProjection|Mixed Platforms.ActiveCfg = Release|Any CPU
		{CF6C50C4-E95D-4537-A6C4-C8431D07D2C7}.ReleaseDSProjection|Mixed Platforms.Build.0 = Release|Any CPU
		{CF6C50C4-E95D-4537-A6C4-C8431D07D2C7}.ReleaseDSProjection|x86.ActiveCfg = Release|Any CPU
		{CF6C50C4-E95D-4537-A6C4-C8431D07D2C7}.ReleaseDSProjection|x86.Build.0 = Release|Any CPU
		{81162C83-DBC1-452C-A36E-221A1897E6E9}.Debug|Any CPU.ActiveCfg = Debug|Any CPU
		{81162C83-DBC1-452C-A36E-221A1897E6E9}.Debug|Any CPU.Build.0 = Debug|Any CPU
		{81162C83-DBC1-452C-A36E-221A1897E6E9}.Debug|Mixed Platforms.ActiveCfg = Debug|Any CPU
		{81162C83-DBC1-452C-A36E-221A1897E6E9}.Debug|Mixed Platforms.Build.0 = Debug|Any CPU
		{81162C83-DBC1-452C-A36E-221A1897E6E9}.Debug|x86.ActiveCfg = Debug|Any CPU
		{81162C83-DBC1-452C-A36E-221A1897E6E9}.Debug|x86.Build.0 = Debug|Any CPU
		{81162C83-DBC1-452C-A36E-221A1897E6E9}.DebugDSProjection|Any CPU.ActiveCfg = Debug|Any CPU
		{81162C83-DBC1-452C-A36E-221A1897E6E9}.DebugDSProjection|Any CPU.Build.0 = Debug|Any CPU
		{81162C83-DBC1-452C-A36E-221A1897E6E9}.DebugDSProjection|Mixed Platforms.ActiveCfg = Debug|Any CPU
		{81162C83-DBC1-452C-A36E-221A1897E6E9}.DebugDSProjection|Mixed Platforms.Build.0 = Debug|Any CPU
		{81162C83-DBC1-452C-A36E-221A1897E6E9}.DebugDSProjection|x86.ActiveCfg = Debug|Any CPU
		{81162C83-DBC1-452C-A36E-221A1897E6E9}.DebugDSProjection|x86.Build.0 = Debug|Any CPU
		{81162C83-DBC1-452C-A36E-221A1897E6E9}.Release|Any CPU.ActiveCfg = Release|Any CPU
		{81162C83-DBC1-452C-A36E-221A1897E6E9}.Release|Any CPU.Build.0 = Release|Any CPU
		{81162C83-DBC1-452C-A36E-221A1897E6E9}.Release|Mixed Platforms.ActiveCfg = Release|Any CPU
		{81162C83-DBC1-452C-A36E-221A1897E6E9}.Release|Mixed Platforms.Build.0 = Release|Any CPU
		{81162C83-DBC1-452C-A36E-221A1897E6E9}.Release|x86.ActiveCfg = Release|Any CPU
		{81162C83-DBC1-452C-A36E-221A1897E6E9}.Release|x86.Build.0 = Release|Any CPU
		{81162C83-DBC1-452C-A36E-221A1897E6E9}.ReleaseDSProjection|Any CPU.ActiveCfg = Release|Any CPU
		{81162C83-DBC1-452C-A36E-221A1897E6E9}.ReleaseDSProjection|Any CPU.Build.0 = Release|Any CPU
		{81162C83-DBC1-452C-A36E-221A1897E6E9}.ReleaseDSProjection|Mixed Platforms.ActiveCfg = Release|Any CPU
		{81162C83-DBC1-452C-A36E-221A1897E6E9}.ReleaseDSProjection|Mixed Platforms.Build.0 = Release|Any CPU
		{81162C83-DBC1-452C-A36E-221A1897E6E9}.ReleaseDSProjection|x86.ActiveCfg = Release|Any CPU
		{81162C83-DBC1-452C-A36E-221A1897E6E9}.ReleaseDSProjection|x86.Build.0 = Release|Any CPU
		{62C5F8A1-8BDA-4145-B25F-9FB0C0D4D592}.Debug|Any CPU.ActiveCfg = Debug|Any CPU
		{62C5F8A1-8BDA-4145-B25F-9FB0C0D4D592}.Debug|Any CPU.Build.0 = Debug|Any CPU
		{62C5F8A1-8BDA-4145-B25F-9FB0C0D4D592}.Debug|Mixed Platforms.ActiveCfg = Debug|Any CPU
		{62C5F8A1-8BDA-4145-B25F-9FB0C0D4D592}.Debug|Mixed Platforms.Build.0 = Debug|Any CPU
		{62C5F8A1-8BDA-4145-B25F-9FB0C0D4D592}.Debug|x86.ActiveCfg = Debug|Any CPU
		{62C5F8A1-8BDA-4145-B25F-9FB0C0D4D592}.Debug|x86.Build.0 = Debug|Any CPU
		{62C5F8A1-8BDA-4145-B25F-9FB0C0D4D592}.DebugDSProjection|Any CPU.ActiveCfg = Debug|Any CPU
		{62C5F8A1-8BDA-4145-B25F-9FB0C0D4D592}.DebugDSProjection|Any CPU.Build.0 = Debug|Any CPU
		{62C5F8A1-8BDA-4145-B25F-9FB0C0D4D592}.DebugDSProjection|Mixed Platforms.ActiveCfg = Debug|Any CPU
		{62C5F8A1-8BDA-4145-B25F-9FB0C0D4D592}.DebugDSProjection|Mixed Platforms.Build.0 = Debug|Any CPU
		{62C5F8A1-8BDA-4145-B25F-9FB0C0D4D592}.DebugDSProjection|x86.ActiveCfg = Debug|Any CPU
		{62C5F8A1-8BDA-4145-B25F-9FB0C0D4D592}.DebugDSProjection|x86.Build.0 = Debug|Any CPU
		{62C5F8A1-8BDA-4145-B25F-9FB0C0D4D592}.Release|Any CPU.ActiveCfg = Release|Any CPU
		{62C5F8A1-8BDA-4145-B25F-9FB0C0D4D592}.Release|Any CPU.Build.0 = Release|Any CPU
		{62C5F8A1-8BDA-4145-B25F-9FB0C0D4D592}.Release|Mixed Platforms.ActiveCfg = Release|Any CPU
		{62C5F8A1-8BDA-4145-B25F-9FB0C0D4D592}.Release|Mixed Platforms.Build.0 = Release|Any CPU
		{62C5F8A1-8BDA-4145-B25F-9FB0C0D4D592}.Release|x86.ActiveCfg = Release|Any CPU
		{62C5F8A1-8BDA-4145-B25F-9FB0C0D4D592}.Release|x86.Build.0 = Release|Any CPU
		{62C5F8A1-8BDA-4145-B25F-9FB0C0D4D592}.ReleaseDSProjection|Any CPU.ActiveCfg = Release|Any CPU
		{62C5F8A1-8BDA-4145-B25F-9FB0C0D4D592}.ReleaseDSProjection|Any CPU.Build.0 = Release|Any CPU
		{62C5F8A1-8BDA-4145-B25F-9FB0C0D4D592}.ReleaseDSProjection|Mixed Platforms.ActiveCfg = Release|Any CPU
		{62C5F8A1-8BDA-4145-B25F-9FB0C0D4D592}.ReleaseDSProjection|Mixed Platforms.Build.0 = Release|Any CPU
		{62C5F8A1-8BDA-4145-B25F-9FB0C0D4D592}.ReleaseDSProjection|x86.ActiveCfg = Release|Any CPU
		{62C5F8A1-8BDA-4145-B25F-9FB0C0D4D592}.ReleaseDSProjection|x86.Build.0 = Release|Any CPU
	EndGlobalSection
	GlobalSection(SolutionProperties) = preSolution
		HideSolutionNode = FALSE
	EndGlobalSection
	GlobalSection(ExtensibilityGlobals) = postSolution
		BuildVersion_UseGlobalSettings = True
		BuildVersion_BuildVersioningStyle = YearStamp.MonthStamp.DayStamp.Increment
		BuildVersion_UpdateFileVersion = True
		BuildVersion_UpdateAssemblyVersion = True
	EndGlobalSection
EndGlobal
